Microsoft Visual Studio Solution File, Format Version 12.00
# Visual Studio Version 17
VisualStudioVersion = 17.5.2.0
MinimumVisualStudioVersion = 10.0.40219.1
Project("{2150E333-8FDC-42A3-9474-1A3956D46DE8}") = "framework", "framework", "{9A0CCAB9-4303-13B4-2371-F1B97FF5B728}"
EndProject
Project("{2150E333-8FDC-42A3-9474-1A3956D46DE8}") = "src", "src", "{ACAFF227-C307-C93B-24FB-255AEFB27327}"
EndProject
Project("{FAE04EC0-301F-11D3-BF4B-00C04F79EFBC}") = "XiHan.Framework", "framework\src\XiHan.Framework\XiHan.Framework.csproj", "{673B644B-5B78-D368-8F48-4EABF211EDC2}"
EndProject
Project("{FAE04EC0-301F-11D3-BF4B-00C04F79EFBC}") = "XiHan.Framework.AI", "framework\src\XiHan.Framework.AI\XiHan.Framework.AI.csproj", "{1DB78143-F1E3-2A89-AE3F-0138D9EB7936}"
EndProject
Project("{FAE04EC0-301F-11D3-BF4B-00C04F79EFBC}") = "XiHan.Framework.AspNetCore", "framework\src\XiHan.Framework.AspNetCore\XiHan.Framework.AspNetCore.csproj", "{16F02D24-94B8-320D-B2AB-6545B4BC20C2}"
EndProject
Project("{FAE04EC0-301F-11D3-BF4B-00C04F79EFBC}") = "XiHan.Framework.AspNetCore.Authentication.JwtBearer", "framework\src\XiHan.Framework.AspNetCore.Authentication.JwtBearer\XiHan.Framework.AspNetCore.Authentication.JwtBearer.csproj", "{4C2256E7-73E6-9A79-7708-52999FD69DCB}"
EndProject
Project("{FAE04EC0-301F-11D3-BF4B-00C04F79EFBC}") = "XiHan.Framework.AspNetCore.Authentication.OAuth", "framework\src\XiHan.Framework.AspNetCore.Authentication.OAuth\XiHan.Framework.AspNetCore.Authentication.OAuth.csproj", "{A1737BF4-C76D-D0A2-97B8-C52FB7EF35B9}"
EndProject
Project("{FAE04EC0-301F-11D3-BF4B-00C04F79EFBC}") = "XiHan.Framework.AspNetCore.Authentication.OpenIdConnect", "framework\src\XiHan.Framework.AspNetCore.Authentication.OpenIdConnect\XiHan.Framework.AspNetCore.Authentication.OpenIdConnect.csproj", "{D82AE302-2E43-8B7D-73C0-ABBE1DD00AF9}"
EndProject
Project("{FAE04EC0-301F-11D3-BF4B-00C04F79EFBC}") = "XiHan.Framework.AspNetCore.Mvc", "framework\src\XiHan.Framework.AspNetCore.Mvc\XiHan.Framework.AspNetCore.Mvc.csproj", "{4C5F0833-4150-5963-4451-4F31C85C5B08}"
EndProject
Project("{FAE04EC0-301F-11D3-BF4B-00C04F79EFBC}") = "XiHan.Framework.AspNetCore.Refit", "framework\src\XiHan.Framework.AspNetCore.Refit\XiHan.Framework.AspNetCore.Refit.csproj", "{455BDB5C-B972-025B-9CD5-D160C6069515}"
EndProject
Project("{FAE04EC0-301F-11D3-BF4B-00C04F79EFBC}") = "XiHan.Framework.AspNetCore.Scalar", "framework\src\XiHan.Framework.AspNetCore.Scalar\XiHan.Framework.AspNetCore.Scalar.csproj", "{DE47F883-9114-260A-F9BA-1560EBE5EEB0}"
EndProject
Project("{FAE04EC0-301F-11D3-BF4B-00C04F79EFBC}") = "XiHan.Framework.AspNetCore.Serilog", "framework\src\XiHan.Framework.AspNetCore.Serilog\XiHan.Framework.AspNetCore.Serilog.csproj", "{62F3BD5B-1ECC-86C0-035F-554507516216}"
EndProject
Project("{FAE04EC0-301F-11D3-BF4B-00C04F79EFBC}") = "XiHan.Framework.AspNetCore.SignalR", "framework\src\XiHan.Framework.AspNetCore.SignalR\XiHan.Framework.AspNetCore.SignalR.csproj", "{62EAAA80-2E90-E520-AC55-E6FD21859817}"
EndProject
Project("{FAE04EC0-301F-11D3-BF4B-00C04F79EFBC}") = "XiHan.Framework.AspNetCore.Swagger", "framework\src\XiHan.Framework.AspNetCore.Swagger\XiHan.Framework.AspNetCore.Swagger.csproj", "{ADCEB6AF-2225-FFE2-083C-CDC0C15E9ED0}"
EndProject
Project("{FAE04EC0-301F-11D3-BF4B-00C04F79EFBC}") = "XiHan.Framework.Authorization", "framework\src\XiHan.Framework.Authorization\XiHan.Framework.Authorization.csproj", "{3CB568DE-1CAD-D524-5771-2A534F1CB528}"
EndProject
Project("{FAE04EC0-301F-11D3-BF4B-00C04F79EFBC}") = "XiHan.Framework.BackgroundJobs", "framework\src\XiHan.Framework.BackgroundJobs\XiHan.Framework.BackgroundJobs.csproj", "{EF16E6EC-DBF3-1C89-3E48-B563FE4487F5}"
EndProject
Project("{FAE04EC0-301F-11D3-BF4B-00C04F79EFBC}") = "XiHan.Framework.BackgroundWorkers", "framework\src\XiHan.Framework.BackgroundWorkers\XiHan.Framework.BackgroundWorkers.csproj", "{36B42697-4F08-7C5C-CC07-90BA64FCCD8C}"
EndProject
Project("{FAE04EC0-301F-11D3-BF4B-00C04F79EFBC}") = "XiHan.Framework.BlobStoring", "framework\src\XiHan.Framework.BlobStoring\XiHan.Framework.BlobStoring.csproj", "{BD255AC6-13D3-8B46-58C8-5004A5D730E8}"
EndProject
Project("{FAE04EC0-301F-11D3-BF4B-00C04F79EFBC}") = "XiHan.Framework.Bot", "framework\src\XiHan.Framework.Bot\XiHan.Framework.Bot.csproj", "{E5F9CE68-A964-3162-DA60-C6346DA82CF8}"
EndProject
Project("{FAE04EC0-301F-11D3-BF4B-00C04F79EFBC}") = "XiHan.Framework.Caching", "framework\src\XiHan.Framework.Caching\XiHan.Framework.Caching.csproj", "{18E3B375-C75B-127F-84BB-229DC12A5013}"
EndProject
Project("{FAE04EC0-301F-11D3-BF4B-00C04F79EFBC}") = "XiHan.Framework.Caching.StackExchangeRedis", "framework\src\XiHan.Framework.Caching.StackExchangeRedis\XiHan.Framework.Caching.StackExchangeRedis.csproj", "{E2405C29-FC0E-10C0-545B-0BCED2BC743F}"
EndProject
Project("{FAE04EC0-301F-11D3-BF4B-00C04F79EFBC}") = "XiHan.Framework.CodeGeneration", "framework\src\XiHan.Framework.CodeGeneration\XiHan.Framework.CodeGeneration.csproj", "{A817179C-931A-B06F-AE84-D18756D7E0BD}"
EndProject
Project("{FAE04EC0-301F-11D3-BF4B-00C04F79EFBC}") = "XiHan.Framework.Core", "framework\src\XiHan.Framework.Core\XiHan.Framework.Core.csproj", "{C04469FF-E120-AE59-894D-ACBB41662BF5}"
EndProject
Project("{FAE04EC0-301F-11D3-BF4B-00C04F79EFBC}") = "XiHan.Framework.Data", "framework\src\XiHan.Framework.Data\XiHan.Framework.Data.csproj", "{5F8F9E9B-4BC9-59C9-6347-C3455267BA8C}"
EndProject
Project("{FAE04EC0-301F-11D3-BF4B-00C04F79EFBC}") = "XiHan.Framework.DataFiltering", "framework\src\XiHan.Framework.DataFiltering\XiHan.Framework.DataFiltering.csproj", "{A389F52C-73D8-2445-9B30-1535EF5C23AB}"
EndProject
Project("{FAE04EC0-301F-11D3-BF4B-00C04F79EFBC}") = "XiHan.Framework.Ddd.Application", "framework\src\XiHan.Framework.Ddd.Application\XiHan.Framework.Ddd.Application.csproj", "{A0E47F3A-FC76-552B-8629-5D0BAA8AB6FB}"
EndProject
Project("{FAE04EC0-301F-11D3-BF4B-00C04F79EFBC}") = "XiHan.Framework.Ddd.Application.Contracts", "framework\src\XiHan.Framework.Ddd.Application.Contracts\XiHan.Framework.Ddd.Application.Contracts.csproj", "{62887277-752B-FB98-33AF-E9051C239855}"
EndProject
Project("{FAE04EC0-301F-11D3-BF4B-00C04F79EFBC}") = "XiHan.Framework.Ddd.Domain", "framework\src\XiHan.Framework.Ddd.Domain\XiHan.Framework.Ddd.Domain.csproj", "{3ACD7D7A-59DF-6BDE-2E15-C2282D115128}"
EndProject
Project("{FAE04EC0-301F-11D3-BF4B-00C04F79EFBC}") = "XiHan.Framework.Ddd.Domain.Shared", "framework\src\XiHan.Framework.Ddd.Domain.Shared\XiHan.Framework.Ddd.Domain.Shared.csproj", "{DA952E0C-C559-A5EC-8A2F-32C3B359BBC1}"
EndProject
Project("{FAE04EC0-301F-11D3-BF4B-00C04F79EFBC}") = "XiHan.Framework.DistributedIds", "framework\src\XiHan.Framework.DistributedIds\XiHan.Framework.DistributedIds.csproj", "{158A1ECA-6212-1CEC-CA1E-ED220395B74F}"
EndProject
Project("{FAE04EC0-301F-11D3-BF4B-00C04F79EFBC}") = "XiHan.Framework.EventBus", "framework\src\XiHan.Framework.EventBus\XiHan.Framework.EventBus.csproj", "{02D33EBD-39BB-2157-3DEB-4A81C19C7709}"
EndProject
Project("{FAE04EC0-301F-11D3-BF4B-00C04F79EFBC}") = "XiHan.Framework.Gateway", "framework\src\XiHan.Framework.Gateway\XiHan.Framework.Gateway.csproj", "{70342D3F-E750-A33B-468D-72B0F28E53FB}"
EndProject
Project("{FAE04EC0-301F-11D3-BF4B-00C04F79EFBC}") = "XiHan.Framework.Http", "framework\src\XiHan.Framework.Http\XiHan.Framework.Http.csproj", "{D9F3289C-4BF7-4EF7-4C20-5FD21556BD98}"
EndProject
Project("{FAE04EC0-301F-11D3-BF4B-00C04F79EFBC}") = "XiHan.Framework.Http.Client", "framework\src\XiHan.Framework.Http.Client\XiHan.Framework.Http.Client.csproj", "{A8B8C9D9-EE27-15B0-205A-E4BD68128F66}"
EndProject
Project("{FAE04EC0-301F-11D3-BF4B-00C04F79EFBC}") = "XiHan.Framework.Localization", "framework\src\XiHan.Framework.Localization\XiHan.Framework.Localization.csproj", "{F14060AE-C217-B41D-EAE9-729ACBBEA9A9}"
EndProject
Project("{FAE04EC0-301F-11D3-BF4B-00C04F79EFBC}") = "XiHan.Framework.MultiTenancy", "framework\src\XiHan.Framework.MultiTenancy\XiHan.Framework.MultiTenancy.csproj", "{6BB34A40-85D5-544A-E2B6-C4AA38F6D97B}"
EndProject
Project("{FAE04EC0-301F-11D3-BF4B-00C04F79EFBC}") = "XiHan.Framework.ObjectExtending", "framework\src\XiHan.Framework.ObjectExtending\XiHan.Framework.ObjectExtending.csproj", "{21A87B3D-2CED-8110-E523-2E197F194F43}"
EndProject
Project("{FAE04EC0-301F-11D3-BF4B-00C04F79EFBC}") = "XiHan.Framework.ObjectMapping.Mapster", "framework\src\XiHan.Framework.ObjectMapping.Mapster\XiHan.Framework.ObjectMapping.Mapster.csproj", "{96DA40B3-2240-37EF-AF11-E7DA47D1F612}"
EndProject
Project("{FAE04EC0-301F-11D3-BF4B-00C04F79EFBC}") = "XiHan.Framework.Script", "framework\src\XiHan.Framework.Script\XiHan.Framework.Script.csproj", "{D202A25E-C0F4-742A-ABBC-7D00D0B6C0A1}"
EndProject
Project("{FAE04EC0-301F-11D3-BF4B-00C04F79EFBC}") = "XiHan.Framework.SearchEngines", "framework\src\XiHan.Framework.SearchEngines\XiHan.Framework.SearchEngines.csproj", "{EF1ECD3D-D44E-A94C-508F-E9FD6A444A8B}"
EndProject
Project("{FAE04EC0-301F-11D3-BF4B-00C04F79EFBC}") = "XiHan.Framework.Security", "framework\src\XiHan.Framework.Security\XiHan.Framework.Security.csproj", "{A0A2FB8A-EF67-952C-B212-1F966D70622B}"
EndProject
Project("{FAE04EC0-301F-11D3-BF4B-00C04F79EFBC}") = "XiHan.Framework.Serialization", "framework\src\XiHan.Framework.Serialization\XiHan.Framework.Serialization.csproj", "{0D62AA8D-7CEF-3EB5-04C0-AD1B64451556}"
EndProject
Project("{FAE04EC0-301F-11D3-BF4B-00C04F79EFBC}") = "XiHan.Framework.Settings", "framework\src\XiHan.Framework.Settings\XiHan.Framework.Settings.csproj", "{C93167D0-96A9-D5A1-2912-92D3D85F64F0}"
EndProject
Project("{FAE04EC0-301F-11D3-BF4B-00C04F79EFBC}") = "XiHan.Framework.SqlSugarCore", "framework\src\XiHan.Framework.SqlSugarCore\XiHan.Framework.SqlSugarCore.csproj", "{0DF6720A-CDAE-2D56-D168-DD21AE090371}"
EndProject
Project("{FAE04EC0-301F-11D3-BF4B-00C04F79EFBC}") = "XiHan.Framework.TextTemplating", "framework\src\XiHan.Framework.TextTemplating\XiHan.Framework.TextTemplating.csproj", "{CF535883-ADA7-CD5B-4AA4-47FFECDE4CB8}"
EndProject
Project("{FAE04EC0-301F-11D3-BF4B-00C04F79EFBC}") = "XiHan.Framework.Threading", "framework\src\XiHan.Framework.Threading\XiHan.Framework.Threading.csproj", "{3150E419-11E2-1DBC-2AB1-9ADC689FD8DA}"
EndProject
Project("{FAE04EC0-301F-11D3-BF4B-00C04F79EFBC}") = "XiHan.Framework.Uow", "framework\src\XiHan.Framework.Uow\XiHan.Framework.Uow.csproj", "{212EDD12-DC0A-ECD5-8BEA-D138C0E98907}"
EndProject
Project("{FAE04EC0-301F-11D3-BF4B-00C04F79EFBC}") = "XiHan.Framework.Utils", "framework\src\XiHan.Framework.Utils\XiHan.Framework.Utils.csproj", "{229443B3-CC73-F599-9D98-0230BD28E135}"
EndProject
Project("{FAE04EC0-301F-11D3-BF4B-00C04F79EFBC}") = "XiHan.Framework.Validation", "framework\src\XiHan.Framework.Validation\XiHan.Framework.Validation.csproj", "{4636B974-5C7C-58D6-BA14-8BCDED4ACF80}"
EndProject
Project("{FAE04EC0-301F-11D3-BF4B-00C04F79EFBC}") = "XiHan.Framework.VirtualFileSystem", "framework\src\XiHan.Framework.VirtualFileSystem\XiHan.Framework.VirtualFileSystem.csproj", "{70E0F257-FF0A-7307-3D6B-C7E2BE773BDD}"
EndProject
Project("{2150E333-8FDC-42A3-9474-1A3956D46DE8}") = "test", "test", "{C44F925E-10D8-C6BB-83D5-E731E431D9E2}"
EndProject
Project("{FAE04EC0-301F-11D3-BF4B-00C04F79EFBC}") = "XiHan.Framework.Test.Base", "framework\test\XiHan.Framework.Test.Base\XiHan.Framework.Test.Base.csproj", "{CD1AC63E-9191-ADF0-D1B7-BE9CADC86BEF}"
EndProject
Global
	GlobalSection(SolutionConfigurationPlatforms) = preSolution
		Debug|Any CPU = Debug|Any CPU
		Release|Any CPU = Release|Any CPU
	EndGlobalSection
	GlobalSection(ProjectConfigurationPlatforms) = postSolution
		{673B644B-5B78-D368-8F48-4EABF211EDC2}.Debug|Any CPU.ActiveCfg = Debug|Any CPU
		{673B644B-5B78-D368-8F48-4EABF211EDC2}.Debug|Any CPU.Build.0 = Debug|Any CPU
		{673B644B-5B78-D368-8F48-4EABF211EDC2}.Release|Any CPU.ActiveCfg = Release|Any CPU
		{673B644B-5B78-D368-8F48-4EABF211EDC2}.Release|Any CPU.Build.0 = Release|Any CPU
		{1DB78143-F1E3-2A89-AE3F-0138D9EB7936}.Debug|Any CPU.ActiveCfg = Debug|Any CPU
		{1DB78143-F1E3-2A89-AE3F-0138D9EB7936}.Debug|Any CPU.Build.0 = Debug|Any CPU
		{1DB78143-F1E3-2A89-AE3F-0138D9EB7936}.Release|Any CPU.ActiveCfg = Release|Any CPU
		{1DB78143-F1E3-2A89-AE3F-0138D9EB7936}.Release|Any CPU.Build.0 = Release|Any CPU
		{16F02D24-94B8-320D-B2AB-6545B4BC20C2}.Debug|Any CPU.ActiveCfg = Debug|Any CPU
		{16F02D24-94B8-320D-B2AB-6545B4BC20C2}.Debug|Any CPU.Build.0 = Debug|Any CPU
		{16F02D24-94B8-320D-B2AB-6545B4BC20C2}.Release|Any CPU.ActiveCfg = Release|Any CPU
		{16F02D24-94B8-320D-B2AB-6545B4BC20C2}.Release|Any CPU.Build.0 = Release|Any CPU
		{4C2256E7-73E6-9A79-7708-52999FD69DCB}.Debug|Any CPU.ActiveCfg = Debug|Any CPU
		{4C2256E7-73E6-9A79-7708-52999FD69DCB}.Debug|Any CPU.Build.0 = Debug|Any CPU
		{4C2256E7-73E6-9A79-7708-52999FD69DCB}.Release|Any CPU.ActiveCfg = Release|Any CPU
		{4C2256E7-73E6-9A79-7708-52999FD69DCB}.Release|Any CPU.Build.0 = Release|Any CPU
		{A1737BF4-C76D-D0A2-97B8-C52FB7EF35B9}.Debug|Any CPU.ActiveCfg = Debug|Any CPU
		{A1737BF4-C76D-D0A2-97B8-C52FB7EF35B9}.Debug|Any CPU.Build.0 = Debug|Any CPU
		{A1737BF4-C76D-D0A2-97B8-C52FB7EF35B9}.Release|Any CPU.ActiveCfg = Release|Any CPU
		{A1737BF4-C76D-D0A2-97B8-C52FB7EF35B9}.Release|Any CPU.Build.0 = Release|Any CPU
		{D82AE302-2E43-8B7D-73C0-ABBE1DD00AF9}.Debug|Any CPU.ActiveCfg = Debug|Any CPU
		{D82AE302-2E43-8B7D-73C0-ABBE1DD00AF9}.Debug|Any CPU.Build.0 = Debug|Any CPU
		{D82AE302-2E43-8B7D-73C0-ABBE1DD00AF9}.Release|Any CPU.ActiveCfg = Release|Any CPU
		{D82AE302-2E43-8B7D-73C0-ABBE1DD00AF9}.Release|Any CPU.Build.0 = Release|Any CPU
		{4C5F0833-4150-5963-4451-4F31C85C5B08}.Debug|Any CPU.ActiveCfg = Debug|Any CPU
		{4C5F0833-4150-5963-4451-4F31C85C5B08}.Debug|Any CPU.Build.0 = Debug|Any CPU
		{4C5F0833-4150-5963-4451-4F31C85C5B08}.Release|Any CPU.ActiveCfg = Release|Any CPU
		{4C5F0833-4150-5963-4451-4F31C85C5B08}.Release|Any CPU.Build.0 = Release|Any CPU
		{455BDB5C-B972-025B-9CD5-D160C6069515}.Debug|Any CPU.ActiveCfg = Debug|Any CPU
		{455BDB5C-B972-025B-9CD5-D160C6069515}.Debug|Any CPU.Build.0 = Debug|Any CPU
		{455BDB5C-B972-025B-9CD5-D160C6069515}.Release|Any CPU.ActiveCfg = Release|Any CPU
		{455BDB5C-B972-025B-9CD5-D160C6069515}.Release|Any CPU.Build.0 = Release|Any CPU
		{DE47F883-9114-260A-F9BA-1560EBE5EEB0}.Debug|Any CPU.ActiveCfg = Debug|Any CPU
		{DE47F883-9114-260A-F9BA-1560EBE5EEB0}.Debug|Any CPU.Build.0 = Debug|Any CPU
		{DE47F883-9114-260A-F9BA-1560EBE5EEB0}.Release|Any CPU.ActiveCfg = Release|Any CPU
		{DE47F883-9114-260A-F9BA-1560EBE5EEB0}.Release|Any CPU.Build.0 = Release|Any CPU
		{62F3BD5B-1ECC-86C0-035F-554507516216}.Debug|Any CPU.ActiveCfg = Debug|Any CPU
		{62F3BD5B-1ECC-86C0-035F-554507516216}.Debug|Any CPU.Build.0 = Debug|Any CPU
		{62F3BD5B-1ECC-86C0-035F-554507516216}.Release|Any CPU.ActiveCfg = Release|Any CPU
		{62F3BD5B-1ECC-86C0-035F-554507516216}.Release|Any CPU.Build.0 = Release|Any CPU
		{62EAAA80-2E90-E520-AC55-E6FD21859817}.Debug|Any CPU.ActiveCfg = Debug|Any CPU
		{62EAAA80-2E90-E520-AC55-E6FD21859817}.Debug|Any CPU.Build.0 = Debug|Any CPU
		{62EAAA80-2E90-E520-AC55-E6FD21859817}.Release|Any CPU.ActiveCfg = Release|Any CPU
		{62EAAA80-2E90-E520-AC55-E6FD21859817}.Release|Any CPU.Build.0 = Release|Any CPU
		{ADCEB6AF-2225-FFE2-083C-CDC0C15E9ED0}.Debug|Any CPU.ActiveCfg = Debug|Any CPU
		{ADCEB6AF-2225-FFE2-083C-CDC0C15E9ED0}.Debug|Any CPU.Build.0 = Debug|Any CPU
		{ADCEB6AF-2225-FFE2-083C-CDC0C15E9ED0}.Release|Any CPU.ActiveCfg = Release|Any CPU
		{ADCEB6AF-2225-FFE2-083C-CDC0C15E9ED0}.Release|Any CPU.Build.0 = Release|Any CPU
		{3CB568DE-1CAD-D524-5771-2A534F1CB528}.Debug|Any CPU.ActiveCfg = Debug|Any CPU
		{3CB568DE-1CAD-D524-5771-2A534F1CB528}.Debug|Any CPU.Build.0 = Debug|Any CPU
		{3CB568DE-1CAD-D524-5771-2A534F1CB528}.Release|Any CPU.ActiveCfg = Release|Any CPU
		{3CB568DE-1CAD-D524-5771-2A534F1CB528}.Release|Any CPU.Build.0 = Release|Any CPU
		{EF16E6EC-DBF3-1C89-3E48-B563FE4487F5}.Debug|Any CPU.ActiveCfg = Debug|Any CPU
		{EF16E6EC-DBF3-1C89-3E48-B563FE4487F5}.Debug|Any CPU.Build.0 = Debug|Any CPU
		{EF16E6EC-DBF3-1C89-3E48-B563FE4487F5}.Release|Any CPU.ActiveCfg = Release|Any CPU
		{EF16E6EC-DBF3-1C89-3E48-B563FE4487F5}.Release|Any CPU.Build.0 = Release|Any CPU
		{36B42697-4F08-7C5C-CC07-90BA64FCCD8C}.Debug|Any CPU.ActiveCfg = Debug|Any CPU
		{36B42697-4F08-7C5C-CC07-90BA64FCCD8C}.Debug|Any CPU.Build.0 = Debug|Any CPU
		{36B42697-4F08-7C5C-CC07-90BA64FCCD8C}.Release|Any CPU.ActiveCfg = Release|Any CPU
		{36B42697-4F08-7C5C-CC07-90BA64FCCD8C}.Release|Any CPU.Build.0 = Release|Any CPU
		{BD255AC6-13D3-8B46-58C8-5004A5D730E8}.Debug|Any CPU.ActiveCfg = Debug|Any CPU
		{BD255AC6-13D3-8B46-58C8-5004A5D730E8}.Debug|Any CPU.Build.0 = Debug|Any CPU
		{BD255AC6-13D3-8B46-58C8-5004A5D730E8}.Release|Any CPU.ActiveCfg = Release|Any CPU
		{BD255AC6-13D3-8B46-58C8-5004A5D730E8}.Release|Any CPU.Build.0 = Release|Any CPU
		{E5F9CE68-A964-3162-DA60-C6346DA82CF8}.Debug|Any CPU.ActiveCfg = Debug|Any CPU
		{E5F9CE68-A964-3162-DA60-C6346DA82CF8}.Debug|Any CPU.Build.0 = Debug|Any CPU
		{E5F9CE68-A964-3162-DA60-C6346DA82CF8}.Release|Any CPU.ActiveCfg = Release|Any CPU
		{E5F9CE68-A964-3162-DA60-C6346DA82CF8}.Release|Any CPU.Build.0 = Release|Any CPU
		{18E3B375-C75B-127F-84BB-229DC12A5013}.Debug|Any CPU.ActiveCfg = Debug|Any CPU
		{18E3B375-C75B-127F-84BB-229DC12A5013}.Debug|Any CPU.Build.0 = Debug|Any CPU
		{18E3B375-C75B-127F-84BB-229DC12A5013}.Release|Any CPU.ActiveCfg = Release|Any CPU
		{18E3B375-C75B-127F-84BB-229DC12A5013}.Release|Any CPU.Build.0 = Release|Any CPU
		{E2405C29-FC0E-10C0-545B-0BCED2BC743F}.Debug|Any CPU.ActiveCfg = Debug|Any CPU
		{E2405C29-FC0E-10C0-545B-0BCED2BC743F}.Debug|Any CPU.Build.0 = Debug|Any CPU
		{E2405C29-FC0E-10C0-545B-0BCED2BC743F}.Release|Any CPU.ActiveCfg = Release|Any CPU
		{E2405C29-FC0E-10C0-545B-0BCED2BC743F}.Release|Any CPU.Build.0 = Release|Any CPU
		{A817179C-931A-B06F-AE84-D18756D7E0BD}.Debug|Any CPU.ActiveCfg = Debug|Any CPU
		{A817179C-931A-B06F-AE84-D18756D7E0BD}.Debug|Any CPU.Build.0 = Debug|Any CPU
		{A817179C-931A-B06F-AE84-D18756D7E0BD}.Release|Any CPU.ActiveCfg = Release|Any CPU
		{A817179C-931A-B06F-AE84-D18756D7E0BD}.Release|Any CPU.Build.0 = Release|Any CPU
		{C04469FF-E120-AE59-894D-ACBB41662BF5}.Debug|Any CPU.ActiveCfg = Debug|Any CPU
		{C04469FF-E120-AE59-894D-ACBB41662BF5}.Debug|Any CPU.Build.0 = Debug|Any CPU
		{C04469FF-E120-AE59-894D-ACBB41662BF5}.Release|Any CPU.ActiveCfg = Release|Any CPU
		{C04469FF-E120-AE59-894D-ACBB41662BF5}.Release|Any CPU.Build.0 = Release|Any CPU
		{5F8F9E9B-4BC9-59C9-6347-C3455267BA8C}.Debug|Any CPU.ActiveCfg = Debug|Any CPU
		{5F8F9E9B-4BC9-59C9-6347-C3455267BA8C}.Debug|Any CPU.Build.0 = Debug|Any CPU
		{5F8F9E9B-4BC9-59C9-6347-C3455267BA8C}.Release|Any CPU.ActiveCfg = Release|Any CPU
		{5F8F9E9B-4BC9-59C9-6347-C3455267BA8C}.Release|Any CPU.Build.0 = Release|Any CPU
		{A389F52C-73D8-2445-9B30-1535EF5C23AB}.Debug|Any CPU.ActiveCfg = Debug|Any CPU
		{A389F52C-73D8-2445-9B30-1535EF5C23AB}.Debug|Any CPU.Build.0 = Debug|Any CPU
		{A389F52C-73D8-2445-9B30-1535EF5C23AB}.Release|Any CPU.ActiveCfg = Release|Any CPU
		{A389F52C-73D8-2445-9B30-1535EF5C23AB}.Release|Any CPU.Build.0 = Release|Any CPU
		{A0E47F3A-FC76-552B-8629-5D0BAA8AB6FB}.Debug|Any CPU.ActiveCfg = Debug|Any CPU
		{A0E47F3A-FC76-552B-8629-5D0BAA8AB6FB}.Debug|Any CPU.Build.0 = Debug|Any CPU
		{A0E47F3A-FC76-552B-8629-5D0BAA8AB6FB}.Release|Any CPU.ActiveCfg = Release|Any CPU
		{A0E47F3A-FC76-552B-8629-5D0BAA8AB6FB}.Release|Any CPU.Build.0 = Release|Any CPU
		{62887277-752B-FB98-33AF-E9051C239855}.Debug|Any CPU.ActiveCfg = Debug|Any CPU
		{62887277-752B-FB98-33AF-E9051C239855}.Debug|Any CPU.Build.0 = Debug|Any CPU
		{62887277-752B-FB98-33AF-E9051C239855}.Release|Any CPU.ActiveCfg = Release|Any CPU
		{62887277-752B-FB98-33AF-E9051C239855}.Release|Any CPU.Build.0 = Release|Any CPU
		{3ACD7D7A-59DF-6BDE-2E15-C2282D115128}.Debug|Any CPU.ActiveCfg = Debug|Any CPU
		{3ACD7D7A-59DF-6BDE-2E15-C2282D115128}.Debug|Any CPU.Build.0 = Debug|Any CPU
		{3ACD7D7A-59DF-6BDE-2E15-C2282D115128}.Release|Any CPU.ActiveCfg = Release|Any CPU
		{3ACD7D7A-59DF-6BDE-2E15-C2282D115128}.Release|Any CPU.Build.0 = Release|Any CPU
		{DA952E0C-C559-A5EC-8A2F-32C3B359BBC1}.Debug|Any CPU.ActiveCfg = Debug|Any CPU
		{DA952E0C-C559-A5EC-8A2F-32C3B359BBC1}.Debug|Any CPU.Build.0 = Debug|Any CPU
		{DA952E0C-C559-A5EC-8A2F-32C3B359BBC1}.Release|Any CPU.ActiveCfg = Release|Any CPU
		{DA952E0C-C559-A5EC-8A2F-32C3B359BBC1}.Release|Any CPU.Build.0 = Release|Any CPU
		{158A1ECA-6212-1CEC-CA1E-ED220395B74F}.Debug|Any CPU.ActiveCfg = Debug|Any CPU
		{158A1ECA-6212-1CEC-CA1E-ED220395B74F}.Debug|Any CPU.Build.0 = Debug|Any CPU
		{158A1ECA-6212-1CEC-CA1E-ED220395B74F}.Release|Any CPU.ActiveCfg = Release|Any CPU
		{158A1ECA-6212-1CEC-CA1E-ED220395B74F}.Release|Any CPU.Build.0 = Release|Any CPU
		{02D33EBD-39BB-2157-3DEB-4A81C19C7709}.Debug|Any CPU.ActiveCfg = Debug|Any CPU
		{02D33EBD-39BB-2157-3DEB-4A81C19C7709}.Debug|Any CPU.Build.0 = Debug|Any CPU
		{02D33EBD-39BB-2157-3DEB-4A81C19C7709}.Release|Any CPU.ActiveCfg = Release|Any CPU
		{02D33EBD-39BB-2157-3DEB-4A81C19C7709}.Release|Any CPU.Build.0 = Release|Any CPU
		{70342D3F-E750-A33B-468D-72B0F28E53FB}.Debug|Any CPU.ActiveCfg = Debug|Any CPU
		{70342D3F-E750-A33B-468D-72B0F28E53FB}.Debug|Any CPU.Build.0 = Debug|Any CPU
		{70342D3F-E750-A33B-468D-72B0F28E53FB}.Release|Any CPU.ActiveCfg = Release|Any CPU
		{70342D3F-E750-A33B-468D-72B0F28E53FB}.Release|Any CPU.Build.0 = Release|Any CPU
		{D9F3289C-4BF7-4EF7-4C20-5FD21556BD98}.Debug|Any CPU.ActiveCfg = Debug|Any CPU
		{D9F3289C-4BF7-4EF7-4C20-5FD21556BD98}.Debug|Any CPU.Build.0 = Debug|Any CPU
		{D9F3289C-4BF7-4EF7-4C20-5FD21556BD98}.Release|Any CPU.ActiveCfg = Release|Any CPU
		{D9F3289C-4BF7-4EF7-4C20-5FD21556BD98}.Release|Any CPU.Build.0 = Release|Any CPU
		{A8B8C9D9-EE27-15B0-205A-E4BD68128F66}.Debug|Any CPU.ActiveCfg = Debug|Any CPU
		{A8B8C9D9-EE27-15B0-205A-E4BD68128F66}.Debug|Any CPU.Build.0 = Debug|Any CPU
		{A8B8C9D9-EE27-15B0-205A-E4BD68128F66}.Release|Any CPU.ActiveCfg = Release|Any CPU
		{A8B8C9D9-EE27-15B0-205A-E4BD68128F66}.Release|Any CPU.Build.0 = Release|Any CPU
		{F14060AE-C217-B41D-EAE9-729ACBBEA9A9}.Debug|Any CPU.ActiveCfg = Debug|Any CPU
		{F14060AE-C217-B41D-EAE9-729ACBBEA9A9}.Debug|Any CPU.Build.0 = Debug|Any CPU
		{F14060AE-C217-B41D-EAE9-729ACBBEA9A9}.Release|Any CPU.ActiveCfg = Release|Any CPU
		{F14060AE-C217-B41D-EAE9-729ACBBEA9A9}.Release|Any CPU.Build.0 = Release|Any CPU
		{6BB34A40-85D5-544A-E2B6-C4AA38F6D97B}.Debug|Any CPU.ActiveCfg = Debug|Any CPU
		{6BB34A40-85D5-544A-E2B6-C4AA38F6D97B}.Debug|Any CPU.Build.0 = Debug|Any CPU
		{6BB34A40-85D5-544A-E2B6-C4AA38F6D97B}.Release|Any CPU.ActiveCfg = Release|Any CPU
		{6BB34A40-85D5-544A-E2B6-C4AA38F6D97B}.Release|Any CPU.Build.0 = Release|Any CPU
		{21A87B3D-2CED-8110-E523-2E197F194F43}.Debug|Any CPU.ActiveCfg = Debug|Any CPU
		{21A87B3D-2CED-8110-E523-2E197F194F43}.Debug|Any CPU.Build.0 = Debug|Any CPU
		{21A87B3D-2CED-8110-E523-2E197F194F43}.Release|Any CPU.ActiveCfg = Release|Any CPU
		{21A87B3D-2CED-8110-E523-2E197F194F43}.Release|Any CPU.Build.0 = Release|Any CPU
		{96DA40B3-2240-37EF-AF11-E7DA47D1F612}.Debug|Any CPU.ActiveCfg = Debug|Any CPU
		{96DA40B3-2240-37EF-AF11-E7DA47D1F612}.Debug|Any CPU.Build.0 = Debug|Any CPU
		{96DA40B3-2240-37EF-AF11-E7DA47D1F612}.Release|Any CPU.ActiveCfg = Release|Any CPU
		{96DA40B3-2240-37EF-AF11-E7DA47D1F612}.Release|Any CPU.Build.0 = Release|Any CPU
		{D202A25E-C0F4-742A-ABBC-7D00D0B6C0A1}.Debug|Any CPU.ActiveCfg = Debug|Any CPU
		{D202A25E-C0F4-742A-ABBC-7D00D0B6C0A1}.Debug|Any CPU.Build.0 = Debug|Any CPU
		{D202A25E-C0F4-742A-ABBC-7D00D0B6C0A1}.Release|Any CPU.ActiveCfg = Release|Any CPU
		{D202A25E-C0F4-742A-ABBC-7D00D0B6C0A1}.Release|Any CPU.Build.0 = Release|Any CPU
		{EF1ECD3D-D44E-A94C-508F-E9FD6A444A8B}.Debug|Any CPU.ActiveCfg = Debug|Any CPU
		{EF1ECD3D-D44E-A94C-508F-E9FD6A444A8B}.Debug|Any CPU.Build.0 = Debug|Any CPU
		{EF1ECD3D-D44E-A94C-508F-E9FD6A444A8B}.Release|Any CPU.ActiveCfg = Release|Any CPU
		{EF1ECD3D-D44E-A94C-508F-E9FD6A444A8B}.Release|Any CPU.Build.0 = Release|Any CPU
		{A0A2FB8A-EF67-952C-B212-1F966D70622B}.Debug|Any CPU.ActiveCfg = Debug|Any CPU
		{A0A2FB8A-EF67-952C-B212-1F966D70622B}.Debug|Any CPU.Build.0 = Debug|Any CPU
		{A0A2FB8A-EF67-952C-B212-1F966D70622B}.Release|Any CPU.ActiveCfg = Release|Any CPU
		{A0A2FB8A-EF67-952C-B212-1F966D70622B}.Release|Any CPU.Build.0 = Release|Any CPU
		{0D62AA8D-7CEF-3EB5-04C0-AD1B64451556}.Debug|Any CPU.ActiveCfg = Debug|Any CPU
		{0D62AA8D-7CEF-3EB5-04C0-AD1B64451556}.Debug|Any CPU.Build.0 = Debug|Any CPU
		{0D62AA8D-7CEF-3EB5-04C0-AD1B64451556}.Release|Any CPU.ActiveCfg = Release|Any CPU
		{0D62AA8D-7CEF-3EB5-04C0-AD1B64451556}.Release|Any CPU.Build.0 = Release|Any CPU
		{C93167D0-96A9-D5A1-2912-92D3D85F64F0}.Debug|Any CPU.ActiveCfg = Debug|Any CPU
		{C93167D0-96A9-D5A1-2912-92D3D85F64F0}.Debug|Any CPU.Build.0 = Debug|Any CPU
		{C93167D0-96A9-D5A1-2912-92D3D85F64F0}.Release|Any CPU.ActiveCfg = Release|Any CPU
		{C93167D0-96A9-D5A1-2912-92D3D85F64F0}.Release|Any CPU.Build.0 = Release|Any CPU
		{0DF6720A-CDAE-2D56-D168-DD21AE090371}.Debug|Any CPU.ActiveCfg = Debug|Any CPU
		{0DF6720A-CDAE-2D56-D168-DD21AE090371}.Debug|Any CPU.Build.0 = Debug|Any CPU
		{0DF6720A-CDAE-2D56-D168-DD21AE090371}.Release|Any CPU.ActiveCfg = Release|Any CPU
		{0DF6720A-CDAE-2D56-D168-DD21AE090371}.Release|Any CPU.Build.0 = Release|Any CPU
		{CF535883-ADA7-CD5B-4AA4-47FFECDE4CB8}.Debug|Any CPU.ActiveCfg = Debug|Any CPU
		{CF535883-ADA7-CD5B-4AA4-47FFECDE4CB8}.Debug|Any CPU.Build.0 = Debug|Any CPU
		{CF535883-ADA7-CD5B-4AA4-47FFECDE4CB8}.Release|Any CPU.ActiveCfg = Release|Any CPU
		{CF535883-ADA7-CD5B-4AA4-47FFECDE4CB8}.Release|Any CPU.Build.0 = Release|Any CPU
		{3150E419-11E2-1DBC-2AB1-9ADC689FD8DA}.Debug|Any CPU.ActiveCfg = Debug|Any CPU
		{3150E419-11E2-1DBC-2AB1-9ADC689FD8DA}.Debug|Any CPU.Build.0 = Debug|Any CPU
		{3150E419-11E2-1DBC-2AB1-9ADC689FD8DA}.Release|Any CPU.ActiveCfg = Release|Any CPU
		{3150E419-11E2-1DBC-2AB1-9ADC689FD8DA}.Release|Any CPU.Build.0 = Release|Any CPU
		{212EDD12-DC0A-ECD5-8BEA-D138C0E98907}.Debug|Any CPU.ActiveCfg = Debug|Any CPU
		{212EDD12-DC0A-ECD5-8BEA-D138C0E98907}.Debug|Any CPU.Build.0 = Debug|Any CPU
		{212EDD12-DC0A-ECD5-8BEA-D138C0E98907}.Release|Any CPU.ActiveCfg = Release|Any CPU
		{212EDD12-DC0A-ECD5-8BEA-D138C0E98907}.Release|Any CPU.Build.0 = Release|Any CPU
		{229443B3-CC73-F599-9D98-0230BD28E135}.Debug|Any CPU.ActiveCfg = Debug|Any CPU
		{229443B3-CC73-F599-9D98-0230BD28E135}.Debug|Any CPU.Build.0 = Debug|Any CPU
		{229443B3-CC73-F599-9D98-0230BD28E135}.Release|Any CPU.ActiveCfg = Release|Any CPU
		{229443B3-CC73-F599-9D98-0230BD28E135}.Release|Any CPU.Build.0 = Release|Any CPU
		{4636B974-5C7C-58D6-BA14-8BCDED4ACF80}.Debug|Any CPU.ActiveCfg = Debug|Any CPU
		{4636B974-5C7C-58D6-BA14-8BCDED4ACF80}.Debug|Any CPU.Build.0 = Debug|Any CPU
		{4636B974-5C7C-58D6-BA14-8BCDED4ACF80}.Release|Any CPU.ActiveCfg = Release|Any CPU
		{4636B974-5C7C-58D6-BA14-8BCDED4ACF80}.Release|Any CPU.Build.0 = Release|Any CPU
		{70E0F257-FF0A-7307-3D6B-C7E2BE773BDD}.Debug|Any CPU.ActiveCfg = Debug|Any CPU
		{70E0F257-FF0A-7307-3D6B-C7E2BE773BDD}.Debug|Any CPU.Build.0 = Debug|Any CPU
		{70E0F257-FF0A-7307-3D6B-C7E2BE773BDD}.Release|Any CPU.ActiveCfg = Release|Any CPU
		{70E0F257-FF0A-7307-3D6B-C7E2BE773BDD}.Release|Any CPU.Build.0 = Release|Any CPU
		{CD1AC63E-9191-ADF0-D1B7-BE9CADC86BEF}.Debug|Any CPU.ActiveCfg = Debug|Any CPU
		{CD1AC63E-9191-ADF0-D1B7-BE9CADC86BEF}.Debug|Any CPU.Build.0 = Debug|Any CPU
		{CD1AC63E-9191-ADF0-D1B7-BE9CADC86BEF}.Release|Any CPU.ActiveCfg = Release|Any CPU
		{CD1AC63E-9191-ADF0-D1B7-BE9CADC86BEF}.Release|Any CPU.Build.0 = Release|Any CPU
	EndGlobalSection
	GlobalSection(SolutionProperties) = preSolution
		HideSolutionNode = FALSE
	EndGlobalSection
	GlobalSection(NestedProjects) = preSolution
		{ACAFF227-C307-C93B-24FB-255AEFB27327} = {9A0CCAB9-4303-13B4-2371-F1B97FF5B728}
		{673B644B-5B78-D368-8F48-4EABF211EDC2} = {ACAFF227-C307-C93B-24FB-255AEFB27327}
		{1DB78143-F1E3-2A89-AE3F-0138D9EB7936} = {ACAFF227-C307-C93B-24FB-255AEFB27327}
		{16F02D24-94B8-320D-B2AB-6545B4BC20C2} = {ACAFF227-C307-C93B-24FB-255AEFB27327}
		{4C2256E7-73E6-9A79-7708-52999FD69DCB} = {ACAFF227-C307-C93B-24FB-255AEFB27327}
		{A1737BF4-C76D-D0A2-97B8-C52FB7EF35B9} = {ACAFF227-C307-C93B-24FB-255AEFB27327}
		{D82AE302-2E43-8B7D-73C0-ABBE1DD00AF9} = {ACAFF227-C307-C93B-24FB-255AEFB27327}
		{4C5F0833-4150-5963-4451-4F31C85C5B08} = {ACAFF227-C307-C93B-24FB-255AEFB27327}
		{455BDB5C-B972-025B-9CD5-D160C6069515} = {ACAFF227-C307-C93B-24FB-255AEFB27327}
		{DE47F883-9114-260A-F9BA-1560EBE5EEB0} = {ACAFF227-C307-C93B-24FB-255AEFB27327}
		{62F3BD5B-1ECC-86C0-035F-554507516216} = {ACAFF227-C307-C93B-24FB-255AEFB27327}
		{62EAAA80-2E90-E520-AC55-E6FD21859817} = {ACAFF227-C307-C93B-24FB-255AEFB27327}
		{ADCEB6AF-2225-FFE2-083C-CDC0C15E9ED0} = {ACAFF227-C307-C93B-24FB-255AEFB27327}
		{3CB568DE-1CAD-D524-5771-2A534F1CB528} = {ACAFF227-C307-C93B-24FB-255AEFB27327}
		{EF16E6EC-DBF3-1C89-3E48-B563FE4487F5} = {ACAFF227-C307-C93B-24FB-255AEFB27327}
		{36B42697-4F08-7C5C-CC07-90BA64FCCD8C} = {ACAFF227-C307-C93B-24FB-255AEFB27327}
		{BD255AC6-13D3-8B46-58C8-5004A5D730E8} = {ACAFF227-C307-C93B-24FB-255AEFB27327}
		{E5F9CE68-A964-3162-DA60-C6346DA82CF8} = {ACAFF227-C307-C93B-24FB-255AEFB27327}
		{18E3B375-C75B-127F-84BB-229DC12A5013} = {ACAFF227-C307-C93B-24FB-255AEFB27327}
		{E2405C29-FC0E-10C0-545B-0BCED2BC743F} = {ACAFF227-C307-C93B-24FB-255AEFB27327}
		{A817179C-931A-B06F-AE84-D18756D7E0BD} = {ACAFF227-C307-C93B-24FB-255AEFB27327}
		{C04469FF-E120-AE59-894D-ACBB41662BF5} = {ACAFF227-C307-C93B-24FB-255AEFB27327}
		{5F8F9E9B-4BC9-59C9-6347-C3455267BA8C} = {ACAFF227-C307-C93B-24FB-255AEFB27327}
		{A389F52C-73D8-2445-9B30-1535EF5C23AB} = {ACAFF227-C307-C93B-24FB-255AEFB27327}
		{A0E47F3A-FC76-552B-8629-5D0BAA8AB6FB} = {ACAFF227-C307-C93B-24FB-255AEFB27327}
		{62887277-752B-FB98-33AF-E9051C239855} = {ACAFF227-C307-C93B-24FB-255AEFB27327}
		{3ACD7D7A-59DF-6BDE-2E15-C2282D115128} = {ACAFF227-C307-C93B-24FB-255AEFB27327}
		{DA952E0C-C559-A5EC-8A2F-32C3B359BBC1} = {ACAFF227-C307-C93B-24FB-255AEFB27327}
		{158A1ECA-6212-1CEC-CA1E-ED220395B74F} = {ACAFF227-C307-C93B-24FB-255AEFB27327}
		{02D33EBD-39BB-2157-3DEB-4A81C19C7709} = {ACAFF227-C307-C93B-24FB-255AEFB27327}
		{70342D3F-E750-A33B-468D-72B0F28E53FB} = {ACAFF227-C307-C93B-24FB-255AEFB27327}
		{D9F3289C-4BF7-4EF7-4C20-5FD21556BD98} = {ACAFF227-C307-C93B-24FB-255AEFB27327}
		{A8B8C9D9-EE27-15B0-205A-E4BD68128F66} = {ACAFF227-C307-C93B-24FB-255AEFB27327}
		{F14060AE-C217-B41D-EAE9-729ACBBEA9A9} = {ACAFF227-C307-C93B-24FB-255AEFB27327}
		{6BB34A40-85D5-544A-E2B6-C4AA38F6D97B} = {ACAFF227-C307-C93B-24FB-255AEFB27327}
		{21A87B3D-2CED-8110-E523-2E197F194F43} = {ACAFF227-C307-C93B-24FB-255AEFB27327}
		{96DA40B3-2240-37EF-AF11-E7DA47D1F612} = {ACAFF227-C307-C93B-24FB-255AEFB27327}
		{D202A25E-C0F4-742A-ABBC-7D00D0B6C0A1} = {ACAFF227-C307-C93B-24FB-255AEFB27327}
		{EF1ECD3D-D44E-A94C-508F-E9FD6A444A8B} = {ACAFF227-C307-C93B-24FB-255AEFB27327}
		{A0A2FB8A-EF67-952C-B212-1F966D70622B} = {ACAFF227-C307-C93B-24FB-255AEFB27327}
		{0D62AA8D-7CEF-3EB5-04C0-AD1B64451556} = {ACAFF227-C307-C93B-24FB-255AEFB27327}
		{C93167D0-96A9-D5A1-2912-92D3D85F64F0} = {ACAFF227-C307-C93B-24FB-255AEFB27327}
		{0DF6720A-CDAE-2D56-D168-DD21AE090371} = {ACAFF227-C307-C93B-24FB-255AEFB27327}
		{CF535883-ADA7-CD5B-4AA4-47FFECDE4CB8} = {ACAFF227-C307-C93B-24FB-255AEFB27327}
		{3150E419-11E2-1DBC-2AB1-9ADC689FD8DA} = {ACAFF227-C307-C93B-24FB-255AEFB27327}
		{212EDD12-DC0A-ECD5-8BEA-D138C0E98907} = {ACAFF227-C307-C93B-24FB-255AEFB27327}
		{229443B3-CC73-F599-9D98-0230BD28E135} = {ACAFF227-C307-C93B-24FB-255AEFB27327}
		{4636B974-5C7C-58D6-BA14-8BCDED4ACF80} = {ACAFF227-C307-C93B-24FB-255AEFB27327}
		{70E0F257-FF0A-7307-3D6B-C7E2BE773BDD} = {ACAFF227-C307-C93B-24FB-255AEFB27327}
		{C44F925E-10D8-C6BB-83D5-E731E431D9E2} = {9A0CCAB9-4303-13B4-2371-F1B97FF5B728}
		{CD1AC63E-9191-ADF0-D1B7-BE9CADC86BEF} = {C44F925E-10D8-C6BB-83D5-E731E431D9E2}
	EndGlobalSection
	GlobalSection(ExtensibilityGlobals) = postSolution
		SolutionGuid = {62001484-792C-48BF-B893-09F6829ED0B6}
	EndGlobalSection
EndGlobal
