Microsoft Visual Studio Solution File, Format Version 12.00
# Visual Studio Version 17
VisualStudioVersion = 17.5.2.0
MinimumVisualStudioVersion = 10.0.40219.1
Project("{2150E333-8FDC-42A3-9474-1A3956D46DE8}") = "src", "src", "{827E0CD3-B72D-47B6-A68D-7590B98EB39B}"
EndProject
Project("{2150E333-8FDC-42A3-9474-1A3956D46DE8}") = "test", "test", "{0C88DD14-F956-CE84-757C-A364CCF449FC}"
EndProject
Project("{FAE04EC0-301F-11D3-BF4B-00C04F79EFBC}") = "XiHan.Framework", "src\XiHan.Framework\XiHan.Framework.csproj", "{63CE0E54-9F81-1723-9B85-A47AE8C720D8}"
EndProject
Project("{FAE04EC0-301F-11D3-BF4B-00C04F79EFBC}") = "XiHan.Framework.AI", "src\XiHan.Framework.AI\XiHan.Framework.AI.csproj", "{25459CE6-61ED-D115-BB88-89120E757A9C}"
EndProject
Project("{FAE04EC0-301F-11D3-BF4B-00C04F79EFBC}") = "XiHan.Framework.AspNetCore", "src\XiHan.Framework.AspNetCore\XiHan.Framework.AspNetCore.csproj", "{DFE26F67-ED06-F462-38A7-AC6B543A500F}"
EndProject
Project("{FAE04EC0-301F-11D3-BF4B-00C04F79EFBC}") = "XiHan.Framework.AspNetCore.Authentication.JwtBearer", "src\XiHan.Framework.AspNetCore.Authentication.JwtBearer\XiHan.Framework.AspNetCore.Authentication.JwtBearer.csproj", "{DE9C2457-8BD6-25F4-D4BE-38E020363EA8}"
EndProject
Project("{FAE04EC0-301F-11D3-BF4B-00C04F79EFBC}") = "XiHan.Framework.AspNetCore.Authentication.OAuth", "src\XiHan.Framework.AspNetCore.Authentication.OAuth\XiHan.Framework.AspNetCore.Authentication.OAuth.csproj", "{237AE17A-EB11-B3A6-161F-9D4E3A37A440}"
EndProject
Project("{FAE04EC0-301F-11D3-BF4B-00C04F79EFBC}") = "XiHan.Framework.AspNetCore.Authentication.OpenIdConnect", "src\XiHan.Framework.AspNetCore.Authentication.OpenIdConnect\XiHan.Framework.AspNetCore.Authentication.OpenIdConnect.csproj", "{F2253450-6F8E-8051-68AE-31DEA4D801C6}"
EndProject
Project("{FAE04EC0-301F-11D3-BF4B-00C04F79EFBC}") = "XiHan.Framework.AspNetCore.Mvc", "src\XiHan.Framework.AspNetCore.Mvc\XiHan.Framework.AspNetCore.Mvc.csproj", "{73C38B42-70C8-B569-D4D7-16F4E7A9EA7B}"
EndProject
Project("{FAE04EC0-301F-11D3-BF4B-00C04F79EFBC}") = "XiHan.Framework.AspNetCore.Refit", "src\XiHan.Framework.AspNetCore.Refit\XiHan.Framework.AspNetCore.Refit.csproj", "{8CAF0043-2A5E-8503-DDA3-FE2114425034}"
EndProject
Project("{FAE04EC0-301F-11D3-BF4B-00C04F79EFBC}") = "XiHan.Framework.AspNetCore.Scalar", "src\XiHan.Framework.AspNetCore.Scalar\XiHan.Framework.AspNetCore.Scalar.csproj", "{0583C47A-AC90-D82D-8C48-62EEEBA79D0C}"
EndProject
Project("{FAE04EC0-301F-11D3-BF4B-00C04F79EFBC}") = "XiHan.Framework.AspNetCore.Serilog", "src\XiHan.Framework.AspNetCore.Serilog\XiHan.Framework.AspNetCore.Serilog.csproj", "{4FF1D1B1-47D1-0019-75FC-9445966B22BD}"
EndProject
Project("{FAE04EC0-301F-11D3-BF4B-00C04F79EFBC}") = "XiHan.Framework.AspNetCore.SignalR", "src\XiHan.Framework.AspNetCore.SignalR\XiHan.Framework.AspNetCore.SignalR.csproj", "{6A4943BB-064F-3078-B164-261A927EED2E}"
EndProject
Project("{FAE04EC0-301F-11D3-BF4B-00C04F79EFBC}") = "XiHan.Framework.AspNetCore.Swagger", "src\XiHan.Framework.AspNetCore.Swagger\XiHan.Framework.AspNetCore.Swagger.csproj", "{433ECE83-F4AD-58BB-4477-5815CED4B6E2}"
EndProject
Project("{FAE04EC0-301F-11D3-BF4B-00C04F79EFBC}") = "XiHan.Framework.BackgroundJobs", "src\XiHan.Framework.BackgroundJobs\XiHan.Framework.BackgroundJobs.csproj", "{75276EB0-5360-6E09-C852-1D32E26CDABD}"
EndProject
Project("{FAE04EC0-301F-11D3-BF4B-00C04F79EFBC}") = "XiHan.Framework.BackgroundWorkers", "src\XiHan.Framework.BackgroundWorkers\XiHan.Framework.BackgroundWorkers.csproj", "{A54922CB-4281-3784-2BB8-3998B12E13F7}"
EndProject
Project("{FAE04EC0-301F-11D3-BF4B-00C04F79EFBC}") = "XiHan.Framework.BlobStoring", "src\XiHan.Framework.BlobStoring\XiHan.Framework.BlobStoring.csproj", "{873F7403-5482-F2C2-C6C6-E2709062CC42}"
EndProject
Project("{FAE04EC0-301F-11D3-BF4B-00C04F79EFBC}") = "XiHan.Framework.Bot", "src\XiHan.Framework.Bot\XiHan.Framework.Bot.csproj", "{E0B4E3E6-AAC2-BD0E-CDDD-C4F4AB3DF41C}"
EndProject
Project("{FAE04EC0-301F-11D3-BF4B-00C04F79EFBC}") = "XiHan.Framework.Caching", "src\XiHan.Framework.Caching\XiHan.Framework.Caching.csproj", "{6E1B3A7E-3953-99A3-122F-8EE0CE8BF21D}"
EndProject
Project("{FAE04EC0-301F-11D3-BF4B-00C04F79EFBC}") = "XiHan.Framework.Caching.StackExchangeRedis", "src\XiHan.Framework.Caching.StackExchangeRedis\XiHan.Framework.Caching.StackExchangeRedis.csproj", "{5F1D3D42-0432-F0F2-0F35-DA8E392579CC}"
EndProject
Project("{FAE04EC0-301F-11D3-BF4B-00C04F79EFBC}") = "XiHan.Framework.CodeGeneration", "src\XiHan.Framework.CodeGeneration\XiHan.Framework.CodeGeneration.csproj", "{F2C08CC1-D511-DE04-6323-D92F29CE79D5}"
EndProject
Project("{FAE04EC0-301F-11D3-BF4B-00C04F79EFBC}") = "XiHan.Framework.Core", "src\XiHan.Framework.Core\XiHan.Framework.Core.csproj", "{01F5FC90-B298-BD6B-A2B3-DB857269E5A9}"
EndProject
Project("{FAE04EC0-301F-11D3-BF4B-00C04F79EFBC}") = "XiHan.Framework.Ddd.Application", "src\XiHan.Framework.Ddd.Application\XiHan.Framework.Ddd.Application.csproj", "{650A14E4-E9D2-DDEA-9B3E-183E382B0FC1}"
EndProject
Project("{FAE04EC0-301F-11D3-BF4B-00C04F79EFBC}") = "XiHan.Framework.Ddd.Application.Contracts", "src\XiHan.Framework.Ddd.Application.Contracts\XiHan.Framework.Ddd.Application.Contracts.csproj", "{6F87607B-183D-3475-A890-FD5E6F7D60CE}"
EndProject
Project("{FAE04EC0-301F-11D3-BF4B-00C04F79EFBC}") = "XiHan.Framework.Ddd.Domain", "src\XiHan.Framework.Ddd.Domain\XiHan.Framework.Ddd.Domain.csproj", "{50052588-C60C-F0E9-8853-37451A34F147}"
EndProject
Project("{FAE04EC0-301F-11D3-BF4B-00C04F79EFBC}") = "XiHan.Framework.Ddd.Domain.Shared", "src\XiHan.Framework.Ddd.Domain.Shared\XiHan.Framework.Ddd.Domain.Shared.csproj", "{A31B9DC6-4EE0-7535-3A22-FA2277B855DE}"
EndProject
Project("{FAE04EC0-301F-11D3-BF4B-00C04F79EFBC}") = "XiHan.Framework.EntityFrameworkCore", "src\XiHan.Framework.EntityFrameworkCore\XiHan.Framework.EntityFrameworkCore.csproj", "{2F69DA4A-6678-CAA4-39BE-3B8199BDBDE8}"
EndProject
Project("{FAE04EC0-301F-11D3-BF4B-00C04F79EFBC}") = "XiHan.Framework.EventBus", "src\XiHan.Framework.EventBus\XiHan.Framework.EventBus.csproj", "{8295C269-B1E6-ADE7-D9FA-F0A349EEA519}"
EndProject
Project("{FAE04EC0-301F-11D3-BF4B-00C04F79EFBC}") = "XiHan.Framework.Gateway", "src\XiHan.Framework.Gateway\XiHan.Framework.Gateway.csproj", "{FBF50681-1CE3-401E-0CAC-86EF096388B0}"
EndProject
Project("{FAE04EC0-301F-11D3-BF4B-00C04F79EFBC}") = "XiHan.Framework.Http", "src\XiHan.Framework.Http\XiHan.Framework.Http.csproj", "{B15B02DF-38A4-7821-5443-A811F74CBFAF}"
EndProject
Project("{FAE04EC0-301F-11D3-BF4B-00C04F79EFBC}") = "XiHan.Framework.Http.Client", "src\XiHan.Framework.Http.Client\XiHan.Framework.Http.Client.csproj", "{418230B0-68C1-26D0-0823-A3BC811DDCB9}"
EndProject
Project("{FAE04EC0-301F-11D3-BF4B-00C04F79EFBC}") = "XiHan.Framework.Localization", "src\XiHan.Framework.Localization\XiHan.Framework.Localization.csproj", "{885562A7-5752-2B94-D638-2EC02D9FACDB}"
EndProject
Project("{FAE04EC0-301F-11D3-BF4B-00C04F79EFBC}") = "XiHan.Framework.MultiTenancy", "src\XiHan.Framework.MultiTenancy\XiHan.Framework.MultiTenancy.csproj", "{55A6577E-8AA1-037E-99DA-328507DD9B42}"
EndProject
Project("{FAE04EC0-301F-11D3-BF4B-00C04F79EFBC}") = "XiHan.Framework.ObjectMapping.Mapster", "src\XiHan.Framework.ObjectMapping.Mapster\XiHan.Framework.ObjectMapping.Mapster.csproj", "{CE654B65-DC3D-C0F1-08B6-36049DB56815}"
EndProject
Project("{FAE04EC0-301F-11D3-BF4B-00C04F79EFBC}") = "XiHan.Framework.SearchEngines", "src\XiHan.Framework.SearchEngines\XiHan.Framework.SearchEngines.csproj", "{58EF91C8-69A8-03B1-7E12-70B1D0278140}"
EndProject
Project("{FAE04EC0-301F-11D3-BF4B-00C04F79EFBC}") = "XiHan.Framework.Security", "src\XiHan.Framework.Security\XiHan.Framework.Security.csproj", "{5403FC87-9361-05F9-B3F1-8AB1266B4F19}"
EndProject
Project("{FAE04EC0-301F-11D3-BF4B-00C04F79EFBC}") = "XiHan.Framework.Serialization", "src\XiHan.Framework.Serialization\XiHan.Framework.Serialization.csproj", "{DD655A62-2A1B-F269-D42A-1C2305F3D22A}"
EndProject
Project("{FAE04EC0-301F-11D3-BF4B-00C04F79EFBC}") = "XiHan.Framework.Settings", "src\XiHan.Framework.Settings\XiHan.Framework.Settings.csproj", "{E1AA3420-1A18-B406-8904-77CAB53B41D4}"
EndProject
Project("{FAE04EC0-301F-11D3-BF4B-00C04F79EFBC}") = "XiHan.Framework.SqlSugarCore", "src\XiHan.Framework.SqlSugarCore\XiHan.Framework.SqlSugarCore.csproj", "{CD87625D-8F4D-F3BA-0C12-52EFFB8BDEA2}"
EndProject
Project("{FAE04EC0-301F-11D3-BF4B-00C04F79EFBC}") = "XiHan.Framework.TextTemplating", "src\XiHan.Framework.TextTemplating\XiHan.Framework.TextTemplating.csproj", "{584D2E66-71A9-2588-DA0D-9E256AF6BCCD}"
EndProject
Project("{FAE04EC0-301F-11D3-BF4B-00C04F79EFBC}") = "XiHan.Framework.Threading", "src\XiHan.Framework.Threading\XiHan.Framework.Threading.csproj", "{3B5A9915-3AD5-FC85-009D-41E36AF3EEEE}"
EndProject
Project("{FAE04EC0-301F-11D3-BF4B-00C04F79EFBC}") = "XiHan.Framework.Uow", "src\XiHan.Framework.Uow\XiHan.Framework.Uow.csproj", "{A15B5F89-D74E-92AB-E05E-28D898481C8C}"
EndProject
Project("{FAE04EC0-301F-11D3-BF4B-00C04F79EFBC}") = "XiHan.Framework.Utils", "src\XiHan.Framework.Utils\XiHan.Framework.Utils.csproj", "{BA145C42-788E-D193-2202-582867C9CA28}"
EndProject
Project("{FAE04EC0-301F-11D3-BF4B-00C04F79EFBC}") = "XiHan.Framework.VirtualFileSystem", "src\XiHan.Framework.VirtualFileSystem\XiHan.Framework.VirtualFileSystem.csproj", "{A2740818-E0C2-8C1D-C7F2-7660D4176F55}"
EndProject
Project("{FAE04EC0-301F-11D3-BF4B-00C04F79EFBC}") = "XiHan.Framework.AI.Test", "test\XiHan.Framework.AI.Test\XiHan.Framework.AI.Test.csproj", "{D0391E96-2B18-5CB0-5797-11B4BFFCFB15}"
EndProject
Project("{FAE04EC0-301F-11D3-BF4B-00C04F79EFBC}") = "XiHan.Framework.AspNetCore.Test", "test\XiHan.Framework.AspNetCore.Test\XiHan.Framework.AspNetCore.Test.csproj", "{67F70314-2257-51E8-22AA-92156C208F83}"
EndProject
Project("{FAE04EC0-301F-11D3-BF4B-00C04F79EFBC}") = "XiHan.Framework.Core.Test", "test\XiHan.Framework.Core.Test\XiHan.Framework.Core.Test.csproj", "{9062BD88-0937-9A95-ABB7-8C728B67D1D5}"
EndProject
Project("{FAE04EC0-301F-11D3-BF4B-00C04F79EFBC}") = "XiHan.Framework.Test.Base", "test\XiHan.Framework.Test.Base\XiHan.Framework.Test.Base.csproj", "{D584CA35-8725-FD78-3AD3-CFE421D8F699}"
EndProject
Project("{FAE04EC0-301F-11D3-BF4B-00C04F79EFBC}") = "XiHan.Framework.Utils.Test", "test\XiHan.Framework.Utils.Test\XiHan.Framework.Utils.Test.csproj", "{B403272D-3509-F58E-0377-AD0F71FFAE10}"
EndProject
Project("{FAE04EC0-301F-11D3-BF4B-00C04F79EFBC}") = "XiHan.Framework.Web.Test", "test\XiHan.Framework.Web.Test\XiHan.Framework.Web.Test.csproj", "{06CBC342-F004-6976-832E-40E2E29731FF}"
EndProject
Global
	GlobalSection(SolutionConfigurationPlatforms) = preSolution
		Debug|Any CPU = Debug|Any CPU
		Release|Any CPU = Release|Any CPU
	EndGlobalSection
	GlobalSection(ProjectConfigurationPlatforms) = postSolution
		{63CE0E54-9F81-1723-9B85-A47AE8C720D8}.Debug|Any CPU.ActiveCfg = Debug|Any CPU
		{63CE0E54-9F81-1723-9B85-A47AE8C720D8}.Debug|Any CPU.Build.0 = Debug|Any CPU
		{63CE0E54-9F81-1723-9B85-A47AE8C720D8}.Release|Any CPU.ActiveCfg = Release|Any CPU
		{63CE0E54-9F81-1723-9B85-A47AE8C720D8}.Release|Any CPU.Build.0 = Release|Any CPU
		{25459CE6-61ED-D115-BB88-89120E757A9C}.Debug|Any CPU.ActiveCfg = Debug|Any CPU
		{25459CE6-61ED-D115-BB88-89120E757A9C}.Debug|Any CPU.Build.0 = Debug|Any CPU
		{25459CE6-61ED-D115-BB88-89120E757A9C}.Release|Any CPU.ActiveCfg = Release|Any CPU
		{25459CE6-61ED-D115-BB88-89120E757A9C}.Release|Any CPU.Build.0 = Release|Any CPU
		{DFE26F67-ED06-F462-38A7-AC6B543A500F}.Debug|Any CPU.ActiveCfg = Debug|Any CPU
		{DFE26F67-ED06-F462-38A7-AC6B543A500F}.Debug|Any CPU.Build.0 = Debug|Any CPU
		{DFE26F67-ED06-F462-38A7-AC6B543A500F}.Release|Any CPU.ActiveCfg = Release|Any CPU
		{DFE26F67-ED06-F462-38A7-AC6B543A500F}.Release|Any CPU.Build.0 = Release|Any CPU
		{DE9C2457-8BD6-25F4-D4BE-38E020363EA8}.Debug|Any CPU.ActiveCfg = Debug|Any CPU
		{DE9C2457-8BD6-25F4-D4BE-38E020363EA8}.Debug|Any CPU.Build.0 = Debug|Any CPU
		{DE9C2457-8BD6-25F4-D4BE-38E020363EA8}.Release|Any CPU.ActiveCfg = Release|Any CPU
		{DE9C2457-8BD6-25F4-D4BE-38E020363EA8}.Release|Any CPU.Build.0 = Release|Any CPU
		{237AE17A-EB11-B3A6-161F-9D4E3A37A440}.Debug|Any CPU.ActiveCfg = Debug|Any CPU
		{237AE17A-EB11-B3A6-161F-9D4E3A37A440}.Debug|Any CPU.Build.0 = Debug|Any CPU
		{237AE17A-EB11-B3A6-161F-9D4E3A37A440}.Release|Any CPU.ActiveCfg = Release|Any CPU
		{237AE17A-EB11-B3A6-161F-9D4E3A37A440}.Release|Any CPU.Build.0 = Release|Any CPU
		{F2253450-6F8E-8051-68AE-31DEA4D801C6}.Debug|Any CPU.ActiveCfg = Debug|Any CPU
		{F2253450-6F8E-8051-68AE-31DEA4D801C6}.Debug|Any CPU.Build.0 = Debug|Any CPU
		{F2253450-6F8E-8051-68AE-31DEA4D801C6}.Release|Any CPU.ActiveCfg = Release|Any CPU
		{F2253450-6F8E-8051-68AE-31DEA4D801C6}.Release|Any CPU.Build.0 = Release|Any CPU
		{73C38B42-70C8-B569-D4D7-16F4E7A9EA7B}.Debug|Any CPU.ActiveCfg = Debug|Any CPU
		{73C38B42-70C8-B569-D4D7-16F4E7A9EA7B}.Debug|Any CPU.Build.0 = Debug|Any CPU
		{73C38B42-70C8-B569-D4D7-16F4E7A9EA7B}.Release|Any CPU.ActiveCfg = Release|Any CPU
		{73C38B42-70C8-B569-D4D7-16F4E7A9EA7B}.Release|Any CPU.Build.0 = Release|Any CPU
		{8CAF0043-2A5E-8503-DDA3-FE2114425034}.Debug|Any CPU.ActiveCfg = Debug|Any CPU
		{8CAF0043-2A5E-8503-DDA3-FE2114425034}.Debug|Any CPU.Build.0 = Debug|Any CPU
		{8CAF0043-2A5E-8503-DDA3-FE2114425034}.Release|Any CPU.ActiveCfg = Release|Any CPU
		{8CAF0043-2A5E-8503-DDA3-FE2114425034}.Release|Any CPU.Build.0 = Release|Any CPU
		{0583C47A-AC90-D82D-8C48-62EEEBA79D0C}.Debug|Any CPU.ActiveCfg = Debug|Any CPU
		{0583C47A-AC90-D82D-8C48-62EEEBA79D0C}.Debug|Any CPU.Build.0 = Debug|Any CPU
		{0583C47A-AC90-D82D-8C48-62EEEBA79D0C}.Release|Any CPU.ActiveCfg = Release|Any CPU
		{0583C47A-AC90-D82D-8C48-62EEEBA79D0C}.Release|Any CPU.Build.0 = Release|Any CPU
		{4FF1D1B1-47D1-0019-75FC-9445966B22BD}.Debug|Any CPU.ActiveCfg = Debug|Any CPU
		{4FF1D1B1-47D1-0019-75FC-9445966B22BD}.Debug|Any CPU.Build.0 = Debug|Any CPU
		{4FF1D1B1-47D1-0019-75FC-9445966B22BD}.Release|Any CPU.ActiveCfg = Release|Any CPU
		{4FF1D1B1-47D1-0019-75FC-9445966B22BD}.Release|Any CPU.Build.0 = Release|Any CPU
		{6A4943BB-064F-3078-B164-261A927EED2E}.Debug|Any CPU.ActiveCfg = Debug|Any CPU
		{6A4943BB-064F-3078-B164-261A927EED2E}.Debug|Any CPU.Build.0 = Debug|Any CPU
		{6A4943BB-064F-3078-B164-261A927EED2E}.Release|Any CPU.ActiveCfg = Release|Any CPU
		{6A4943BB-064F-3078-B164-261A927EED2E}.Release|Any CPU.Build.0 = Release|Any CPU
		{433ECE83-F4AD-58BB-4477-5815CED4B6E2}.Debug|Any CPU.ActiveCfg = Debug|Any CPU
		{433ECE83-F4AD-58BB-4477-5815CED4B6E2}.Debug|Any CPU.Build.0 = Debug|Any CPU
		{433ECE83-F4AD-58BB-4477-5815CED4B6E2}.Release|Any CPU.ActiveCfg = Release|Any CPU
		{433ECE83-F4AD-58BB-4477-5815CED4B6E2}.Release|Any CPU.Build.0 = Release|Any CPU
		{75276EB0-5360-6E09-C852-1D32E26CDABD}.Debug|Any CPU.ActiveCfg = Debug|Any CPU
		{75276EB0-5360-6E09-C852-1D32E26CDABD}.Debug|Any CPU.Build.0 = Debug|Any CPU
		{75276EB0-5360-6E09-C852-1D32E26CDABD}.Release|Any CPU.ActiveCfg = Release|Any CPU
		{75276EB0-5360-6E09-C852-1D32E26CDABD}.Release|Any CPU.Build.0 = Release|Any CPU
		{A54922CB-4281-3784-2BB8-3998B12E13F7}.Debug|Any CPU.ActiveCfg = Debug|Any CPU
		{A54922CB-4281-3784-2BB8-3998B12E13F7}.Debug|Any CPU.Build.0 = Debug|Any CPU
		{A54922CB-4281-3784-2BB8-3998B12E13F7}.Release|Any CPU.ActiveCfg = Release|Any CPU
		{A54922CB-4281-3784-2BB8-3998B12E13F7}.Release|Any CPU.Build.0 = Release|Any CPU
		{873F7403-5482-F2C2-C6C6-E2709062CC42}.Debug|Any CPU.ActiveCfg = Debug|Any CPU
		{873F7403-5482-F2C2-C6C6-E2709062CC42}.Debug|Any CPU.Build.0 = Debug|Any CPU
		{873F7403-5482-F2C2-C6C6-E2709062CC42}.Release|Any CPU.ActiveCfg = Release|Any CPU
		{873F7403-5482-F2C2-C6C6-E2709062CC42}.Release|Any CPU.Build.0 = Release|Any CPU
		{E0B4E3E6-AAC2-BD0E-CDDD-C4F4AB3DF41C}.Debug|Any CPU.ActiveCfg = Debug|Any CPU
		{E0B4E3E6-AAC2-BD0E-CDDD-C4F4AB3DF41C}.Debug|Any CPU.Build.0 = Debug|Any CPU
		{E0B4E3E6-AAC2-BD0E-CDDD-C4F4AB3DF41C}.Release|Any CPU.ActiveCfg = Release|Any CPU
		{E0B4E3E6-AAC2-BD0E-CDDD-C4F4AB3DF41C}.Release|Any CPU.Build.0 = Release|Any CPU
		{6E1B3A7E-3953-99A3-122F-8EE0CE8BF21D}.Debug|Any CPU.ActiveCfg = Debug|Any CPU
		{6E1B3A7E-3953-99A3-122F-8EE0CE8BF21D}.Debug|Any CPU.Build.0 = Debug|Any CPU
		{6E1B3A7E-3953-99A3-122F-8EE0CE8BF21D}.Release|Any CPU.ActiveCfg = Release|Any CPU
		{6E1B3A7E-3953-99A3-122F-8EE0CE8BF21D}.Release|Any CPU.Build.0 = Release|Any CPU
		{5F1D3D42-0432-F0F2-0F35-DA8E392579CC}.Debug|Any CPU.ActiveCfg = Debug|Any CPU
		{5F1D3D42-0432-F0F2-0F35-DA8E392579CC}.Debug|Any CPU.Build.0 = Debug|Any CPU
		{5F1D3D42-0432-F0F2-0F35-DA8E392579CC}.Release|Any CPU.ActiveCfg = Release|Any CPU
		{5F1D3D42-0432-F0F2-0F35-DA8E392579CC}.Release|Any CPU.Build.0 = Release|Any CPU
		{F2C08CC1-D511-DE04-6323-D92F29CE79D5}.Debug|Any CPU.ActiveCfg = Debug|Any CPU
		{F2C08CC1-D511-DE04-6323-D92F29CE79D5}.Debug|Any CPU.Build.0 = Debug|Any CPU
		{F2C08CC1-D511-DE04-6323-D92F29CE79D5}.Release|Any CPU.ActiveCfg = Release|Any CPU
		{F2C08CC1-D511-DE04-6323-D92F29CE79D5}.Release|Any CPU.Build.0 = Release|Any CPU
		{01F5FC90-B298-BD6B-A2B3-DB857269E5A9}.Debug|Any CPU.ActiveCfg = Debug|Any CPU
		{01F5FC90-B298-BD6B-A2B3-DB857269E5A9}.Debug|Any CPU.Build.0 = Debug|Any CPU
		{01F5FC90-B298-BD6B-A2B3-DB857269E5A9}.Release|Any CPU.ActiveCfg = Release|Any CPU
		{01F5FC90-B298-BD6B-A2B3-DB857269E5A9}.Release|Any CPU.Build.0 = Release|Any CPU
		{650A14E4-E9D2-DDEA-9B3E-183E382B0FC1}.Debug|Any CPU.ActiveCfg = Debug|Any CPU
		{650A14E4-E9D2-DDEA-9B3E-183E382B0FC1}.Debug|Any CPU.Build.0 = Debug|Any CPU
		{650A14E4-E9D2-DDEA-9B3E-183E382B0FC1}.Release|Any CPU.ActiveCfg = Release|Any CPU
		{650A14E4-E9D2-DDEA-9B3E-183E382B0FC1}.Release|Any CPU.Build.0 = Release|Any CPU
		{6F87607B-183D-3475-A890-FD5E6F7D60CE}.Debug|Any CPU.ActiveCfg = Debug|Any CPU
		{6F87607B-183D-3475-A890-FD5E6F7D60CE}.Debug|Any CPU.Build.0 = Debug|Any CPU
		{6F87607B-183D-3475-A890-FD5E6F7D60CE}.Release|Any CPU.ActiveCfg = Release|Any CPU
		{6F87607B-183D-3475-A890-FD5E6F7D60CE}.Release|Any CPU.Build.0 = Release|Any CPU
		{50052588-C60C-F0E9-8853-37451A34F147}.Debug|Any CPU.ActiveCfg = Debug|Any CPU
		{50052588-C60C-F0E9-8853-37451A34F147}.Debug|Any CPU.Build.0 = Debug|Any CPU
		{50052588-C60C-F0E9-8853-37451A34F147}.Release|Any CPU.ActiveCfg = Release|Any CPU
		{50052588-C60C-F0E9-8853-37451A34F147}.Release|Any CPU.Build.0 = Release|Any CPU
		{A31B9DC6-4EE0-7535-3A22-FA2277B855DE}.Debug|Any CPU.ActiveCfg = Debug|Any CPU
		{A31B9DC6-4EE0-7535-3A22-FA2277B855DE}.Debug|Any CPU.Build.0 = Debug|Any CPU
		{A31B9DC6-4EE0-7535-3A22-FA2277B855DE}.Release|Any CPU.ActiveCfg = Release|Any CPU
		{A31B9DC6-4EE0-7535-3A22-FA2277B855DE}.Release|Any CPU.Build.0 = Release|Any CPU
		{2F69DA4A-6678-CAA4-39BE-3B8199BDBDE8}.Debug|Any CPU.ActiveCfg = Debug|Any CPU
		{2F69DA4A-6678-CAA4-39BE-3B8199BDBDE8}.Debug|Any CPU.Build.0 = Debug|Any CPU
		{2F69DA4A-6678-CAA4-39BE-3B8199BDBDE8}.Release|Any CPU.ActiveCfg = Release|Any CPU
		{2F69DA4A-6678-CAA4-39BE-3B8199BDBDE8}.Release|Any CPU.Build.0 = Release|Any CPU
		{8295C269-B1E6-ADE7-D9FA-F0A349EEA519}.Debug|Any CPU.ActiveCfg = Debug|Any CPU
		{8295C269-B1E6-ADE7-D9FA-F0A349EEA519}.Debug|Any CPU.Build.0 = Debug|Any CPU
		{8295C269-B1E6-ADE7-D9FA-F0A349EEA519}.Release|Any CPU.ActiveCfg = Release|Any CPU
		{8295C269-B1E6-ADE7-D9FA-F0A349EEA519}.Release|Any CPU.Build.0 = Release|Any CPU
		{FBF50681-1CE3-401E-0CAC-86EF096388B0}.Debug|Any CPU.ActiveCfg = Debug|Any CPU
		{FBF50681-1CE3-401E-0CAC-86EF096388B0}.Debug|Any CPU.Build.0 = Debug|Any CPU
		{FBF50681-1CE3-401E-0CAC-86EF096388B0}.Release|Any CPU.ActiveCfg = Release|Any CPU
		{FBF50681-1CE3-401E-0CAC-86EF096388B0}.Release|Any CPU.Build.0 = Release|Any CPU
		{B15B02DF-38A4-7821-5443-A811F74CBFAF}.Debug|Any CPU.ActiveCfg = Debug|Any CPU
		{B15B02DF-38A4-7821-5443-A811F74CBFAF}.Debug|Any CPU.Build.0 = Debug|Any CPU
		{B15B02DF-38A4-7821-5443-A811F74CBFAF}.Release|Any CPU.ActiveCfg = Release|Any CPU
		{B15B02DF-38A4-7821-5443-A811F74CBFAF}.Release|Any CPU.Build.0 = Release|Any CPU
		{418230B0-68C1-26D0-0823-A3BC811DDCB9}.Debug|Any CPU.ActiveCfg = Debug|Any CPU
		{418230B0-68C1-26D0-0823-A3BC811DDCB9}.Debug|Any CPU.Build.0 = Debug|Any CPU
		{418230B0-68C1-26D0-0823-A3BC811DDCB9}.Release|Any CPU.ActiveCfg = Release|Any CPU
		{418230B0-68C1-26D0-0823-A3BC811DDCB9}.Release|Any CPU.Build.0 = Release|Any CPU
		{885562A7-5752-2B94-D638-2EC02D9FACDB}.Debug|Any CPU.ActiveCfg = Debug|Any CPU
		{885562A7-5752-2B94-D638-2EC02D9FACDB}.Debug|Any CPU.Build.0 = Debug|Any CPU
		{885562A7-5752-2B94-D638-2EC02D9FACDB}.Release|Any CPU.ActiveCfg = Release|Any CPU
		{885562A7-5752-2B94-D638-2EC02D9FACDB}.Release|Any CPU.Build.0 = Release|Any CPU
		{55A6577E-8AA1-037E-99DA-328507DD9B42}.Debug|Any CPU.ActiveCfg = Debug|Any CPU
		{55A6577E-8AA1-037E-99DA-328507DD9B42}.Debug|Any CPU.Build.0 = Debug|Any CPU
		{55A6577E-8AA1-037E-99DA-328507DD9B42}.Release|Any CPU.ActiveCfg = Release|Any CPU
		{55A6577E-8AA1-037E-99DA-328507DD9B42}.Release|Any CPU.Build.0 = Release|Any CPU
		{CE654B65-DC3D-C0F1-08B6-36049DB56815}.Debug|Any CPU.ActiveCfg = Debug|Any CPU
		{CE654B65-DC3D-C0F1-08B6-36049DB56815}.Debug|Any CPU.Build.0 = Debug|Any CPU
		{CE654B65-DC3D-C0F1-08B6-36049DB56815}.Release|Any CPU.ActiveCfg = Release|Any CPU
		{CE654B65-DC3D-C0F1-08B6-36049DB56815}.Release|Any CPU.Build.0 = Release|Any CPU
		{58EF91C8-69A8-03B1-7E12-70B1D0278140}.Debug|Any CPU.ActiveCfg = Debug|Any CPU
		{58EF91C8-69A8-03B1-7E12-70B1D0278140}.Debug|Any CPU.Build.0 = Debug|Any CPU
		{58EF91C8-69A8-03B1-7E12-70B1D0278140}.Release|Any CPU.ActiveCfg = Release|Any CPU
		{58EF91C8-69A8-03B1-7E12-70B1D0278140}.Release|Any CPU.Build.0 = Release|Any CPU
		{5403FC87-9361-05F9-B3F1-8AB1266B4F19}.Debug|Any CPU.ActiveCfg = Debug|Any CPU
		{5403FC87-9361-05F9-B3F1-8AB1266B4F19}.Debug|Any CPU.Build.0 = Debug|Any CPU
		{5403FC87-9361-05F9-B3F1-8AB1266B4F19}.Release|Any CPU.ActiveCfg = Release|Any CPU
		{5403FC87-9361-05F9-B3F1-8AB1266B4F19}.Release|Any CPU.Build.0 = Release|Any CPU
		{DD655A62-2A1B-F269-D42A-1C2305F3D22A}.Debug|Any CPU.ActiveCfg = Debug|Any CPU
		{DD655A62-2A1B-F269-D42A-1C2305F3D22A}.Debug|Any CPU.Build.0 = Debug|Any CPU
		{DD655A62-2A1B-F269-D42A-1C2305F3D22A}.Release|Any CPU.ActiveCfg = Release|Any CPU
		{DD655A62-2A1B-F269-D42A-1C2305F3D22A}.Release|Any CPU.Build.0 = Release|Any CPU
		{E1AA3420-1A18-B406-8904-77CAB53B41D4}.Debug|Any CPU.ActiveCfg = Debug|Any CPU
		{E1AA3420-1A18-B406-8904-77CAB53B41D4}.Debug|Any CPU.Build.0 = Debug|Any CPU
		{E1AA3420-1A18-B406-8904-77CAB53B41D4}.Release|Any CPU.ActiveCfg = Release|Any CPU
		{E1AA3420-1A18-B406-8904-77CAB53B41D4}.Release|Any CPU.Build.0 = Release|Any CPU
		{CD87625D-8F4D-F3BA-0C12-52EFFB8BDEA2}.Debug|Any CPU.ActiveCfg = Debug|Any CPU
		{CD87625D-8F4D-F3BA-0C12-52EFFB8BDEA2}.Debug|Any CPU.Build.0 = Debug|Any CPU
		{CD87625D-8F4D-F3BA-0C12-52EFFB8BDEA2}.Release|Any CPU.ActiveCfg = Release|Any CPU
		{CD87625D-8F4D-F3BA-0C12-52EFFB8BDEA2}.Release|Any CPU.Build.0 = Release|Any CPU
		{584D2E66-71A9-2588-DA0D-9E256AF6BCCD}.Debug|Any CPU.ActiveCfg = Debug|Any CPU
		{584D2E66-71A9-2588-DA0D-9E256AF6BCCD}.Debug|Any CPU.Build.0 = Debug|Any CPU
		{584D2E66-71A9-2588-DA0D-9E256AF6BCCD}.Release|Any CPU.ActiveCfg = Release|Any CPU
		{584D2E66-71A9-2588-DA0D-9E256AF6BCCD}.Release|Any CPU.Build.0 = Release|Any CPU
		{3B5A9915-3AD5-FC85-009D-41E36AF3EEEE}.Debug|Any CPU.ActiveCfg = Debug|Any CPU
		{3B5A9915-3AD5-FC85-009D-41E36AF3EEEE}.Debug|Any CPU.Build.0 = Debug|Any CPU
		{3B5A9915-3AD5-FC85-009D-41E36AF3EEEE}.Release|Any CPU.ActiveCfg = Release|Any CPU
		{3B5A9915-3AD5-FC85-009D-41E36AF3EEEE}.Release|Any CPU.Build.0 = Release|Any CPU
		{A15B5F89-D74E-92AB-E05E-28D898481C8C}.Debug|Any CPU.ActiveCfg = Debug|Any CPU
		{A15B5F89-D74E-92AB-E05E-28D898481C8C}.Debug|Any CPU.Build.0 = Debug|Any CPU
		{A15B5F89-D74E-92AB-E05E-28D898481C8C}.Release|Any CPU.ActiveCfg = Release|Any CPU
		{A15B5F89-D74E-92AB-E05E-28D898481C8C}.Release|Any CPU.Build.0 = Release|Any CPU
		{BA145C42-788E-D193-2202-582867C9CA28}.Debug|Any CPU.ActiveCfg = Debug|Any CPU
		{BA145C42-788E-D193-2202-582867C9CA28}.Debug|Any CPU.Build.0 = Debug|Any CPU
		{BA145C42-788E-D193-2202-582867C9CA28}.Release|Any CPU.ActiveCfg = Release|Any CPU
		{BA145C42-788E-D193-2202-582867C9CA28}.Release|Any CPU.Build.0 = Release|Any CPU
		{A2740818-E0C2-8C1D-C7F2-7660D4176F55}.Debug|Any CPU.ActiveCfg = Debug|Any CPU
		{A2740818-E0C2-8C1D-C7F2-7660D4176F55}.Debug|Any CPU.Build.0 = Debug|Any CPU
		{A2740818-E0C2-8C1D-C7F2-7660D4176F55}.Release|Any CPU.ActiveCfg = Release|Any CPU
		{A2740818-E0C2-8C1D-C7F2-7660D4176F55}.Release|Any CPU.Build.0 = Release|Any CPU
		{D0391E96-2B18-5CB0-5797-11B4BFFCFB15}.Debug|Any CPU.ActiveCfg = Debug|Any CPU
		{D0391E96-2B18-5CB0-5797-11B4BFFCFB15}.Debug|Any CPU.Build.0 = Debug|Any CPU
		{D0391E96-2B18-5CB0-5797-11B4BFFCFB15}.Release|Any CPU.ActiveCfg = Release|Any CPU
		{D0391E96-2B18-5CB0-5797-11B4BFFCFB15}.Release|Any CPU.Build.0 = Release|Any CPU
		{67F70314-2257-51E8-22AA-92156C208F83}.Debug|Any CPU.ActiveCfg = Debug|Any CPU
		{67F70314-2257-51E8-22AA-92156C208F83}.Debug|Any CPU.Build.0 = Debug|Any CPU
		{67F70314-2257-51E8-22AA-92156C208F83}.Release|Any CPU.ActiveCfg = Release|Any CPU
		{67F70314-2257-51E8-22AA-92156C208F83}.Release|Any CPU.Build.0 = Release|Any CPU
		{9062BD88-0937-9A95-ABB7-8C728B67D1D5}.Debug|Any CPU.ActiveCfg = Debug|Any CPU
		{9062BD88-0937-9A95-ABB7-8C728B67D1D5}.Debug|Any CPU.Build.0 = Debug|Any CPU
		{9062BD88-0937-9A95-ABB7-8C728B67D1D5}.Release|Any CPU.ActiveCfg = Release|Any CPU
		{9062BD88-0937-9A95-ABB7-8C728B67D1D5}.Release|Any CPU.Build.0 = Release|Any CPU
		{D584CA35-8725-FD78-3AD3-CFE421D8F699}.Debug|Any CPU.ActiveCfg = Debug|Any CPU
		{D584CA35-8725-FD78-3AD3-CFE421D8F699}.Debug|Any CPU.Build.0 = Debug|Any CPU
		{D584CA35-8725-FD78-3AD3-CFE421D8F699}.Release|Any CPU.ActiveCfg = Release|Any CPU
		{D584CA35-8725-FD78-3AD3-CFE421D8F699}.Release|Any CPU.Build.0 = Release|Any CPU
		{B403272D-3509-F58E-0377-AD0F71FFAE10}.Debug|Any CPU.ActiveCfg = Debug|Any CPU
		{B403272D-3509-F58E-0377-AD0F71FFAE10}.Debug|Any CPU.Build.0 = Debug|Any CPU
		{B403272D-3509-F58E-0377-AD0F71FFAE10}.Release|Any CPU.ActiveCfg = Release|Any CPU
		{B403272D-3509-F58E-0377-AD0F71FFAE10}.Release|Any CPU.Build.0 = Release|Any CPU
		{06CBC342-F004-6976-832E-40E2E29731FF}.Debug|Any CPU.ActiveCfg = Debug|Any CPU
		{06CBC342-F004-6976-832E-40E2E29731FF}.Debug|Any CPU.Build.0 = Debug|Any CPU
		{06CBC342-F004-6976-832E-40E2E29731FF}.Release|Any CPU.ActiveCfg = Release|Any CPU
		{06CBC342-F004-6976-832E-40E2E29731FF}.Release|Any CPU.Build.0 = Release|Any CPU
	EndGlobalSection
	GlobalSection(SolutionProperties) = preSolution
		HideSolutionNode = FALSE
	EndGlobalSection
	GlobalSection(NestedProjects) = preSolution
		{63CE0E54-9F81-1723-9B85-A47AE8C720D8} = {827E0CD3-B72D-47B6-A68D-7590B98EB39B}
		{25459CE6-61ED-D115-BB88-89120E757A9C} = {827E0CD3-B72D-47B6-A68D-7590B98EB39B}
		{DFE26F67-ED06-F462-38A7-AC6B543A500F} = {827E0CD3-B72D-47B6-A68D-7590B98EB39B}
		{DE9C2457-8BD6-25F4-D4BE-38E020363EA8} = {827E0CD3-B72D-47B6-A68D-7590B98EB39B}
		{237AE17A-EB11-B3A6-161F-9D4E3A37A440} = {827E0CD3-B72D-47B6-A68D-7590B98EB39B}
		{F2253450-6F8E-8051-68AE-31DEA4D801C6} = {827E0CD3-B72D-47B6-A68D-7590B98EB39B}
		{73C38B42-70C8-B569-D4D7-16F4E7A9EA7B} = {827E0CD3-B72D-47B6-A68D-7590B98EB39B}
		{8CAF0043-2A5E-8503-DDA3-FE2114425034} = {827E0CD3-B72D-47B6-A68D-7590B98EB39B}
		{0583C47A-AC90-D82D-8C48-62EEEBA79D0C} = {827E0CD3-B72D-47B6-A68D-7590B98EB39B}
		{4FF1D1B1-47D1-0019-75FC-9445966B22BD} = {827E0CD3-B72D-47B6-A68D-7590B98EB39B}
		{6A4943BB-064F-3078-B164-261A927EED2E} = {827E0CD3-B72D-47B6-A68D-7590B98EB39B}
		{433ECE83-F4AD-58BB-4477-5815CED4B6E2} = {827E0CD3-B72D-47B6-A68D-7590B98EB39B}
		{75276EB0-5360-6E09-C852-1D32E26CDABD} = {827E0CD3-B72D-47B6-A68D-7590B98EB39B}
		{A54922CB-4281-3784-2BB8-3998B12E13F7} = {827E0CD3-B72D-47B6-A68D-7590B98EB39B}
		{873F7403-5482-F2C2-C6C6-E2709062CC42} = {827E0CD3-B72D-47B6-A68D-7590B98EB39B}
		{E0B4E3E6-AAC2-BD0E-CDDD-C4F4AB3DF41C} = {827E0CD3-B72D-47B6-A68D-7590B98EB39B}
		{6E1B3A7E-3953-99A3-122F-8EE0CE8BF21D} = {827E0CD3-B72D-47B6-A68D-7590B98EB39B}
		{5F1D3D42-0432-F0F2-0F35-DA8E392579CC} = {827E0CD3-B72D-47B6-A68D-7590B98EB39B}
		{F2C08CC1-D511-DE04-6323-D92F29CE79D5} = {827E0CD3-B72D-47B6-A68D-7590B98EB39B}
		{01F5FC90-B298-BD6B-A2B3-DB857269E5A9} = {827E0CD3-B72D-47B6-A68D-7590B98EB39B}
		{650A14E4-E9D2-DDEA-9B3E-183E382B0FC1} = {827E0CD3-B72D-47B6-A68D-7590B98EB39B}
		{6F87607B-183D-3475-A890-FD5E6F7D60CE} = {827E0CD3-B72D-47B6-A68D-7590B98EB39B}
		{50052588-C60C-F0E9-8853-37451A34F147} = {827E0CD3-B72D-47B6-A68D-7590B98EB39B}
		{A31B9DC6-4EE0-7535-3A22-FA2277B855DE} = {827E0CD3-B72D-47B6-A68D-7590B98EB39B}
		{2F69DA4A-6678-CAA4-39BE-3B8199BDBDE8} = {827E0CD3-B72D-47B6-A68D-7590B98EB39B}
		{8295C269-B1E6-ADE7-D9FA-F0A349EEA519} = {827E0CD3-B72D-47B6-A68D-7590B98EB39B}
		{FBF50681-1CE3-401E-0CAC-86EF096388B0} = {827E0CD3-B72D-47B6-A68D-7590B98EB39B}
		{B15B02DF-38A4-7821-5443-A811F74CBFAF} = {827E0CD3-B72D-47B6-A68D-7590B98EB39B}
		{418230B0-68C1-26D0-0823-A3BC811DDCB9} = {827E0CD3-B72D-47B6-A68D-7590B98EB39B}
		{885562A7-5752-2B94-D638-2EC02D9FACDB} = {827E0CD3-B72D-47B6-A68D-7590B98EB39B}
		{55A6577E-8AA1-037E-99DA-328507DD9B42} = {827E0CD3-B72D-47B6-A68D-7590B98EB39B}
		{CE654B65-DC3D-C0F1-08B6-36049DB56815} = {827E0CD3-B72D-47B6-A68D-7590B98EB39B}
		{58EF91C8-69A8-03B1-7E12-70B1D0278140} = {827E0CD3-B72D-47B6-A68D-7590B98EB39B}
		{5403FC87-9361-05F9-B3F1-8AB1266B4F19} = {827E0CD3-B72D-47B6-A68D-7590B98EB39B}
		{DD655A62-2A1B-F269-D42A-1C2305F3D22A} = {827E0CD3-B72D-47B6-A68D-7590B98EB39B}
		{E1AA3420-1A18-B406-8904-77CAB53B41D4} = {827E0CD3-B72D-47B6-A68D-7590B98EB39B}
		{CD87625D-8F4D-F3BA-0C12-52EFFB8BDEA2} = {827E0CD3-B72D-47B6-A68D-7590B98EB39B}
		{584D2E66-71A9-2588-DA0D-9E256AF6BCCD} = {827E0CD3-B72D-47B6-A68D-7590B98EB39B}
		{3B5A9915-3AD5-FC85-009D-41E36AF3EEEE} = {827E0CD3-B72D-47B6-A68D-7590B98EB39B}
		{A15B5F89-D74E-92AB-E05E-28D898481C8C} = {827E0CD3-B72D-47B6-A68D-7590B98EB39B}
		{BA145C42-788E-D193-2202-582867C9CA28} = {827E0CD3-B72D-47B6-A68D-7590B98EB39B}
		{A2740818-E0C2-8C1D-C7F2-7660D4176F55} = {827E0CD3-B72D-47B6-A68D-7590B98EB39B}
		{D0391E96-2B18-5CB0-5797-11B4BFFCFB15} = {0C88DD14-F956-CE84-757C-A364CCF449FC}
		{67F70314-2257-51E8-22AA-92156C208F83} = {0C88DD14-F956-CE84-757C-A364CCF449FC}
		{9062BD88-0937-9A95-ABB7-8C728B67D1D5} = {0C88DD14-F956-CE84-757C-A364CCF449FC}
		{D584CA35-8725-FD78-3AD3-CFE421D8F699} = {0C88DD14-F956-CE84-757C-A364CCF449FC}
		{B403272D-3509-F58E-0377-AD0F71FFAE10} = {0C88DD14-F956-CE84-757C-A364CCF449FC}
		{06CBC342-F004-6976-832E-40E2E29731FF} = {0C88DD14-F956-CE84-757C-A364CCF449FC}
	EndGlobalSection
	GlobalSection(ExtensibilityGlobals) = postSolution
		SolutionGuid = {B5D65C7C-4BF7-4290-A530-205B5605D2D0}
	EndGlobalSection
EndGlobal
