
Microsoft Visual Studio Solution File, Format Version 12.00
# Visual Studio Version 17
VisualStudioVersion = 17.11.35312.102
MinimumVisualStudioVersion = 10.0.40219.1
Project("{2150E333-8FDC-42A3-9474-1A3956D46DE8}") = "1.src", "1.src", "{1F74D18D-B46F-4D7D-A05D-1D06BE95B192}"
EndProject
Project("{2150E333-8FDC-42A3-9474-1A3956D46DE8}") = "1.Base", "1.Base", "{ABAF43CC-1FB6-4831-B94B-918A93386FA5}"
EndProject
Project("{2150E333-8FDC-42A3-9474-1A3956D46DE8}") = "2.Core", "2.Core", "{A95AA4B3-D196-48A0-82F1-5F42CDC067B0}"
EndProject
Project("{2150E333-8FDC-42A3-9474-1A3956D46DE8}") = "3.CoreLibraries", "3.CoreLibraries", "{EC379147-874F-47CF-ACB7-32DB2710B4B5}"
EndProject
Project("{2150E333-8FDC-42A3-9474-1A3956D46DE8}") = "4.AspNetCore", "4.AspNetCore", "{330EF338-ED9F-4B68-8F56-2FF2A9226A78}"
EndProject
Project("{2150E333-8FDC-42A3-9474-1A3956D46DE8}") = "5.AspNetCoreLibraries", "5.AspNetCoreLibraries", "{6A55B17B-FA29-46D0-87F5-96AF3D970AD7}"
EndProject
Project("{9A19103F-16F7-4668-BE54-9A1E7A4F7556}") = "XiHan.Framework", "src\XiHan.Framework\XiHan.Framework.csproj", "{D7EEF707-13D1-45BA-8A6A-5C5865667A14}"
EndProject
Project("{9A19103F-16F7-4668-BE54-9A1E7A4F7556}") = "XiHan.Framework.Utils", "src\XiHan.Framework.Utils\XiHan.Framework.Utils.csproj", "{B77091EE-6CF4-428E-A70B-4D6BD38B61DD}"
EndProject
Project("{9A19103F-16F7-4668-BE54-9A1E7A4F7556}") = "XiHan.Framework.Core", "src\XiHan.Framework.Core\XiHan.Framework.Core.csproj", "{DF92C723-DD3A-4795-9F39-170C34190869}"
EndProject
Project("{9A19103F-16F7-4668-BE54-9A1E7A4F7556}") = "XiHan.Framework.Bot", "src\XiHan.Framework.Bot\XiHan.Framework.Bot.csproj", "{DD903512-8EDC-4FFC-A225-22479359D626}"
EndProject
Project("{9A19103F-16F7-4668-BE54-9A1E7A4F7556}") = "XiHan.Framework.Http", "src\XiHan.Framework.Http\XiHan.Framework.Http.csproj", "{9B7C406E-B120-4EDC-B347-A07FC7B8AB7C}"
EndProject
Project("{9A19103F-16F7-4668-BE54-9A1E7A4F7556}") = "XiHan.Framework.AI", "src\XiHan.Framework.AI\XiHan.Framework.AI.csproj", "{EEDFBCC6-3EF8-422F-A48D-EFB173DA65AB}"
EndProject
Project("{9A19103F-16F7-4668-BE54-9A1E7A4F7556}") = "XiHan.Framework.EventBus", "src\XiHan.Framework.EventBus\XiHan.Framework.EventBus.csproj", "{CDD7F2D0-12BA-4E0D-85EC-C735607E6E1C}"
EndProject
Project("{9A19103F-16F7-4668-BE54-9A1E7A4F7556}") = "XiHan.Framework.BlobStoring", "src\XiHan.Framework.BlobStoring\XiHan.Framework.BlobStoring.csproj", "{43FAFB81-D9AF-4DC6-9D79-1267FFEC9DC4}"
EndProject
Project("{9A19103F-16F7-4668-BE54-9A1E7A4F7556}") = "XiHan.Framework.Caching", "src\XiHan.Framework.Caching\XiHan.Framework.Caching.csproj", "{48F8F2FE-B0A3-443A-8708-14E9BD29E601}"
EndProject
Project("{9A19103F-16F7-4668-BE54-9A1E7A4F7556}") = "XiHan.Framework.Ddd.Application", "src\XiHan.Framework.Ddd.Application\XiHan.Framework.Ddd.Application.csproj", "{870621D0-AAB3-4DCB-8348-0D602D6E1580}"
EndProject
Project("{9A19103F-16F7-4668-BE54-9A1E7A4F7556}") = "XiHan.Framework.Ddd.Application.Contracts", "src\XiHan.Framework.Ddd.Application.Contracts\XiHan.Framework.Ddd.Application.Contracts.csproj", "{059302FB-38ED-45E1-8182-4ED133F04163}"
EndProject
Project("{9A19103F-16F7-4668-BE54-9A1E7A4F7556}") = "XiHan.Framework.Ddd.Domain", "src\XiHan.Framework.Ddd.Domain\XiHan.Framework.Ddd.Domain.csproj", "{06D9D05A-25DF-468E-9AEF-C4E905BD5D93}"
EndProject
Project("{9A19103F-16F7-4668-BE54-9A1E7A4F7556}") = "XiHan.Framework.Ddd.Domain.Shared", "src\XiHan.Framework.Ddd.Domain.Shared\XiHan.Framework.Ddd.Domain.Shared.csproj", "{067437E4-9DD8-499A-88BD-7467A1B21133}"
EndProject
Project("{9A19103F-16F7-4668-BE54-9A1E7A4F7556}") = "XiHan.Framework.BackgroundJobs", "src\XiHan.Framework.BackgroundJobs\XiHan.Framework.BackgroundJobs.csproj", "{60B98879-E35F-4BB2-BF56-16DC9A50C994}"
EndProject
Project("{9A19103F-16F7-4668-BE54-9A1E7A4F7556}") = "XiHan.Framework.BackgroundWorkers", "src\XiHan.Framework.BackgroundWorkers\XiHan.Framework.BackgroundWorkers.csproj", "{D1DD1559-0882-4505-98AD-200462D1FF27}"
EndProject
Project("{9A19103F-16F7-4668-BE54-9A1E7A4F7556}") = "XiHan.Framework.Uow", "src\XiHan.Framework.Uow\XiHan.Framework.Uow.csproj", "{2E0BA23F-69B0-443F-A5A3-B3DB7710B399}"
EndProject
Project("{9A19103F-16F7-4668-BE54-9A1E7A4F7556}") = "XiHan.Framework.Serialization", "src\XiHan.Framework.Serialization\XiHan.Framework.Serialization.csproj", "{B98B1D96-284C-488E-8015-AEAE68D5B694}"
EndProject
Project("{9A19103F-16F7-4668-BE54-9A1E7A4F7556}") = "XiHan.Framework.AspNetCore", "src\XiHan.Framework.AspNetCore\XiHan.Framework.AspNetCore.csproj", "{FC3DAEFA-FC39-4649-9A76-4FAB1CBB0202}"
EndProject
Project("{9A19103F-16F7-4668-BE54-9A1E7A4F7556}") = "XiHan.Framework.AspNetCore.RealTime.SignalR", "src\XiHan.Framework.AspNetCore.RealTime.SignalR\XiHan.Framework.AspNetCore.RealTime.SignalR.csproj", "{036FE54B-33C9-466C-8088-4540F205EF82}"
EndProject
Project("{9A19103F-16F7-4668-BE54-9A1E7A4F7556}") = "XiHan.Framework.AspNetCore.Logging.Serilog", "src\XiHan.Framework.AspNetCore.Logging.Serilog\XiHan.Framework.AspNetCore.Logging.Serilog.csproj", "{7C5BDA24-DFF3-4807-BF01-4890B4BBDCC0}"
EndProject
Project("{9A19103F-16F7-4668-BE54-9A1E7A4F7556}") = "XiHan.Framework.SearchEngines", "src\XiHan.Framework.SearchEngines\XiHan.Framework.SearchEngines.csproj", "{DD914906-5344-4EF2-A744-9C55945DCF87}"
EndProject
Project("{9A19103F-16F7-4668-BE54-9A1E7A4F7556}") = "XiHan.Framework.Localization", "src\XiHan.Framework.Localization\XiHan.Framework.Localization.csproj", "{F1B94619-9D1A-46DC-BE22-E110C8F82525}"
EndProject
Project("{9A19103F-16F7-4668-BE54-9A1E7A4F7556}") = "XiHan.Framework.AspNetCore.Authentication.JwtBearer", "src\XiHan.Framework.AspNetCore.Authentication.JwtBearer\XiHan.Framework.AspNetCore.Authentication.JwtBearer.csproj", "{F895D87C-72CC-4400-9490-76449B126294}"
EndProject
Project("{9A19103F-16F7-4668-BE54-9A1E7A4F7556}") = "XiHan.Framework.AspNetCore.Authentication.OAuth", "src\XiHan.Framework.AspNetCore.Authentication.OAuth\XiHan.Framework.AspNetCore.Authentication.OAuth.csproj", "{FD657323-6443-415A-85DF-F2E94BD1C785}"
EndProject
Project("{9A19103F-16F7-4668-BE54-9A1E7A4F7556}") = "XiHan.Framework.AspNetCore.Authentication.OpenIdConnect", "src\XiHan.Framework.AspNetCore.Authentication.OpenIdConnect\XiHan.Framework.AspNetCore.Authentication.OpenIdConnect.csproj", "{A7CB454C-FA7E-417D-924C-4F43A4D336AD}"
EndProject
Project("{9A19103F-16F7-4668-BE54-9A1E7A4F7556}") = "XiHan.Framework.AspNetCore.ApiDoc.Swagger", "src\XiHan.Framework.AspNetCore.ApiDoc.Swagger\XiHan.Framework.AspNetCore.ApiDoc.Swagger.csproj", "{DF651542-8FA5-4EBE-A382-997A62953A40}"
EndProject
Project("{9A19103F-16F7-4668-BE54-9A1E7A4F7556}") = "XiHan.Framework.CodeGeneration", "src\XiHan.Framework.CodeGeneration\XiHan.Framework.CodeGeneration.csproj", "{2EF69F1B-D843-47AE-9B83-F1BACEC98EFC}"
EndProject
Project("{9A19103F-16F7-4668-BE54-9A1E7A4F7556}") = "XiHan.Framework.EntityFrameworkCore", "src\XiHan.Framework.EntityFrameworkCore\XiHan.Framework.EntityFrameworkCore.csproj", "{72D92811-E41F-43C1-8272-0F12ADCE4A25}"
EndProject
Project("{9A19103F-16F7-4668-BE54-9A1E7A4F7556}") = "XiHan.Framework.AspNetCore.Refit", "src\XiHan.Framework.AspNetCore.Refit\XiHan.Framework.AspNetCore.Refit.csproj", "{75AF9C8C-C70F-4EB3-9509-C7F882F7F965}"
EndProject
Project("{9A19103F-16F7-4668-BE54-9A1E7A4F7556}") = "XiHan.Framework.Gateway", "src\XiHan.Framework.Gateway\XiHan.Framework.Gateway.csproj", "{DF6E550A-DDBE-4781-93C8-4EFFD918B37D}"
EndProject
Project("{2150E333-8FDC-42A3-9474-1A3956D46DE8}") = "2.test", "2.test", "{20326902-EC6E-41A2-A13E-DC1333CAC143}"
EndProject
Project("{2150E333-8FDC-42A3-9474-1A3956D46DE8}") = "3.others", "3.others", "{1AD44577-09E6-4150-A2C6-D03E22386A11}"
	ProjectSection(SolutionItems) = preProject
		.editorconfig = .editorconfig
		.gitattributes = .gitattributes
		.gitignore = .gitignore
		global.json = global.json
		XiHan.txt = XiHan.txt
	EndProjectSection
EndProject
Project("{FAE04EC0-301F-11D3-BF4B-00C04F79EFBC}") = "XiHan.Framework.AspNetCore.Test", "test\XiHan.Framework.AspNetCore.Test\XiHan.Framework.AspNetCore.Test.csproj", "{D3C969C0-C770-4CD8-B468-D4E2A284B101}"
EndProject
Project("{FAE04EC0-301F-11D3-BF4B-00C04F79EFBC}") = "XiHan.Framework.Utils.Test", "test\XiHan.Framework.Utils.Test\XiHan.Framework.Utils.Test.csproj", "{59661A4B-1FB1-4095-BBE5-77D2F878A441}"
EndProject
Project("{FAE04EC0-301F-11D3-BF4B-00C04F79EFBC}") = "XiHan.Framework.Core.Test", "test\XiHan.Framework.Core.Test\XiHan.Framework.Core.Test.csproj", "{B283BE9E-A448-4A4D-BB7A-C55784F8DAB5}"
EndProject
Project("{2150E333-8FDC-42A3-9474-1A3956D46DE8}") = "props", "props", "{F851D62C-26A2-4527-8983-DC83CA9AE4B5}"
	ProjectSection(SolutionItems) = preProject
		props\common.props = props\common.props
	EndProjectSection
EndProject
Project("{2150E333-8FDC-42A3-9474-1A3956D46DE8}") = "snks", "snks", "{3C37066E-F44D-4DF0-9DCB-92FBF2F21160}"
	ProjectSection(SolutionItems) = preProject
		snks\XiHan.Framework.snk = snks\XiHan.Framework.snk
	EndProjectSection
EndProject
Project("{2150E333-8FDC-42A3-9474-1A3956D46DE8}") = "scripts", "scripts", "{1A7B29A7-C97C-43FE-898F-751EB26806E1}"
EndProject
Project("{2150E333-8FDC-42A3-9474-1A3956D46DE8}") = "editor", "editor", "{9116A4F6-DE3E-45AF-829D-14E11AA99C15}"
	ProjectSection(SolutionItems) = preProject
		scripts\editor\Class.cs = scripts\editor\Class.cs
		scripts\editor\Controller.cs = scripts\editor\Controller.cs
		scripts\editor\CopyFile.bat = scripts\editor\CopyFile.bat
		scripts\editor\FilePath.txt = scripts\editor\FilePath.txt
		scripts\editor\Interface.cs = scripts\editor\Interface.cs
	EndProjectSection
EndProject
Project("{2150E333-8FDC-42A3-9474-1A3956D46DE8}") = "nuget", "nuget", "{8F9D7466-5315-4956-9BC6-158A1DE4F6DF}"
	ProjectSection(SolutionItems) = preProject
		scripts\nuget\1.SaveNugetApiKey.ps1 = scripts\nuget\1.SaveNugetApiKey.ps1
		scripts\nuget\2.VersionUpgrade.ps1 = scripts\nuget\2.VersionUpgrade.ps1
		scripts\nuget\3.PushNugetPackages.ps1 = scripts\nuget\3.PushNugetPackages.ps1
	EndProjectSection
EndProject
Project("{2150E333-8FDC-42A3-9474-1A3956D46DE8}") = "project", "project", "{77365D96-FBFD-42D5-BFC5-C88D619E2537}"
	ProjectSection(SolutionItems) = preProject
		scripts\project\ClearProjecBinObj.ps1 = scripts\project\ClearProjecBinObj.ps1
	EndProjectSection
EndProject
Project("{2150E333-8FDC-42A3-9474-1A3956D46DE8}") = "service", "service", "{8CC5C1AB-2432-4D97-ADB5-C2A919441535}"
	ProjectSection(SolutionItems) = preProject
		scripts\service\XiHan.bat = scripts\service\XiHan.bat
		scripts\service\XiHan.service = scripts\service\XiHan.service
	EndProjectSection
EndProject
Global
	GlobalSection(SolutionConfigurationPlatforms) = preSolution
		Debug|Any CPU = Debug|Any CPU
		Release|Any CPU = Release|Any CPU
	EndGlobalSection
	GlobalSection(ProjectConfigurationPlatforms) = postSolution
		{D7EEF707-13D1-45BA-8A6A-5C5865667A14}.Debug|Any CPU.ActiveCfg = Debug|Any CPU
		{D7EEF707-13D1-45BA-8A6A-5C5865667A14}.Debug|Any CPU.Build.0 = Debug|Any CPU
		{D7EEF707-13D1-45BA-8A6A-5C5865667A14}.Release|Any CPU.ActiveCfg = Release|Any CPU
		{D7EEF707-13D1-45BA-8A6A-5C5865667A14}.Release|Any CPU.Build.0 = Release|Any CPU
		{B77091EE-6CF4-428E-A70B-4D6BD38B61DD}.Debug|Any CPU.ActiveCfg = Debug|Any CPU
		{B77091EE-6CF4-428E-A70B-4D6BD38B61DD}.Debug|Any CPU.Build.0 = Debug|Any CPU
		{B77091EE-6CF4-428E-A70B-4D6BD38B61DD}.Release|Any CPU.ActiveCfg = Release|Any CPU
		{B77091EE-6CF4-428E-A70B-4D6BD38B61DD}.Release|Any CPU.Build.0 = Release|Any CPU
		{DF92C723-DD3A-4795-9F39-170C34190869}.Debug|Any CPU.ActiveCfg = Debug|Any CPU
		{DF92C723-DD3A-4795-9F39-170C34190869}.Debug|Any CPU.Build.0 = Debug|Any CPU
		{DF92C723-DD3A-4795-9F39-170C34190869}.Release|Any CPU.ActiveCfg = Release|Any CPU
		{DF92C723-DD3A-4795-9F39-170C34190869}.Release|Any CPU.Build.0 = Release|Any CPU
		{DD903512-8EDC-4FFC-A225-22479359D626}.Debug|Any CPU.ActiveCfg = Debug|Any CPU
		{DD903512-8EDC-4FFC-A225-22479359D626}.Debug|Any CPU.Build.0 = Debug|Any CPU
		{DD903512-8EDC-4FFC-A225-22479359D626}.Release|Any CPU.ActiveCfg = Release|Any CPU
		{DD903512-8EDC-4FFC-A225-22479359D626}.Release|Any CPU.Build.0 = Release|Any CPU
		{9B7C406E-B120-4EDC-B347-A07FC7B8AB7C}.Debug|Any CPU.ActiveCfg = Debug|Any CPU
		{9B7C406E-B120-4EDC-B347-A07FC7B8AB7C}.Debug|Any CPU.Build.0 = Debug|Any CPU
		{9B7C406E-B120-4EDC-B347-A07FC7B8AB7C}.Release|Any CPU.ActiveCfg = Release|Any CPU
		{9B7C406E-B120-4EDC-B347-A07FC7B8AB7C}.Release|Any CPU.Build.0 = Release|Any CPU
		{EEDFBCC6-3EF8-422F-A48D-EFB173DA65AB}.Debug|Any CPU.ActiveCfg = Debug|Any CPU
		{EEDFBCC6-3EF8-422F-A48D-EFB173DA65AB}.Debug|Any CPU.Build.0 = Debug|Any CPU
		{EEDFBCC6-3EF8-422F-A48D-EFB173DA65AB}.Release|Any CPU.ActiveCfg = Release|Any CPU
		{EEDFBCC6-3EF8-422F-A48D-EFB173DA65AB}.Release|Any CPU.Build.0 = Release|Any CPU
		{CDD7F2D0-12BA-4E0D-85EC-C735607E6E1C}.Debug|Any CPU.ActiveCfg = Debug|Any CPU
		{CDD7F2D0-12BA-4E0D-85EC-C735607E6E1C}.Debug|Any CPU.Build.0 = Debug|Any CPU
		{CDD7F2D0-12BA-4E0D-85EC-C735607E6E1C}.Release|Any CPU.ActiveCfg = Release|Any CPU
		{CDD7F2D0-12BA-4E0D-85EC-C735607E6E1C}.Release|Any CPU.Build.0 = Release|Any CPU
		{43FAFB81-D9AF-4DC6-9D79-1267FFEC9DC4}.Debug|Any CPU.ActiveCfg = Debug|Any CPU
		{43FAFB81-D9AF-4DC6-9D79-1267FFEC9DC4}.Debug|Any CPU.Build.0 = Debug|Any CPU
		{43FAFB81-D9AF-4DC6-9D79-1267FFEC9DC4}.Release|Any CPU.ActiveCfg = Release|Any CPU
		{43FAFB81-D9AF-4DC6-9D79-1267FFEC9DC4}.Release|Any CPU.Build.0 = Release|Any CPU
		{48F8F2FE-B0A3-443A-8708-14E9BD29E601}.Debug|Any CPU.ActiveCfg = Debug|Any CPU
		{48F8F2FE-B0A3-443A-8708-14E9BD29E601}.Debug|Any CPU.Build.0 = Debug|Any CPU
		{48F8F2FE-B0A3-443A-8708-14E9BD29E601}.Release|Any CPU.ActiveCfg = Release|Any CPU
		{48F8F2FE-B0A3-443A-8708-14E9BD29E601}.Release|Any CPU.Build.0 = Release|Any CPU
		{870621D0-AAB3-4DCB-8348-0D602D6E1580}.Debug|Any CPU.ActiveCfg = Debug|Any CPU
		{870621D0-AAB3-4DCB-8348-0D602D6E1580}.Debug|Any CPU.Build.0 = Debug|Any CPU
		{870621D0-AAB3-4DCB-8348-0D602D6E1580}.Release|Any CPU.ActiveCfg = Release|Any CPU
		{870621D0-AAB3-4DCB-8348-0D602D6E1580}.Release|Any CPU.Build.0 = Release|Any CPU
		{059302FB-38ED-45E1-8182-4ED133F04163}.Debug|Any CPU.ActiveCfg = Debug|Any CPU
		{059302FB-38ED-45E1-8182-4ED133F04163}.Debug|Any CPU.Build.0 = Debug|Any CPU
		{059302FB-38ED-45E1-8182-4ED133F04163}.Release|Any CPU.ActiveCfg = Release|Any CPU
		{059302FB-38ED-45E1-8182-4ED133F04163}.Release|Any CPU.Build.0 = Release|Any CPU
		{06D9D05A-25DF-468E-9AEF-C4E905BD5D93}.Debug|Any CPU.ActiveCfg = Debug|Any CPU
		{06D9D05A-25DF-468E-9AEF-C4E905BD5D93}.Debug|Any CPU.Build.0 = Debug|Any CPU
		{06D9D05A-25DF-468E-9AEF-C4E905BD5D93}.Release|Any CPU.ActiveCfg = Release|Any CPU
		{06D9D05A-25DF-468E-9AEF-C4E905BD5D93}.Release|Any CPU.Build.0 = Release|Any CPU
		{067437E4-9DD8-499A-88BD-7467A1B21133}.Debug|Any CPU.ActiveCfg = Debug|Any CPU
		{067437E4-9DD8-499A-88BD-7467A1B21133}.Debug|Any CPU.Build.0 = Debug|Any CPU
		{067437E4-9DD8-499A-88BD-7467A1B21133}.Release|Any CPU.ActiveCfg = Release|Any CPU
		{067437E4-9DD8-499A-88BD-7467A1B21133}.Release|Any CPU.Build.0 = Release|Any CPU
		{60B98879-E35F-4BB2-BF56-16DC9A50C994}.Debug|Any CPU.ActiveCfg = Debug|Any CPU
		{60B98879-E35F-4BB2-BF56-16DC9A50C994}.Debug|Any CPU.Build.0 = Debug|Any CPU
		{60B98879-E35F-4BB2-BF56-16DC9A50C994}.Release|Any CPU.ActiveCfg = Release|Any CPU
		{60B98879-E35F-4BB2-BF56-16DC9A50C994}.Release|Any CPU.Build.0 = Release|Any CPU
		{D1DD1559-0882-4505-98AD-200462D1FF27}.Debug|Any CPU.ActiveCfg = Debug|Any CPU
		{D1DD1559-0882-4505-98AD-200462D1FF27}.Debug|Any CPU.Build.0 = Debug|Any CPU
		{D1DD1559-0882-4505-98AD-200462D1FF27}.Release|Any CPU.ActiveCfg = Release|Any CPU
		{D1DD1559-0882-4505-98AD-200462D1FF27}.Release|Any CPU.Build.0 = Release|Any CPU
		{2E0BA23F-69B0-443F-A5A3-B3DB7710B399}.Debug|Any CPU.ActiveCfg = Debug|Any CPU
		{2E0BA23F-69B0-443F-A5A3-B3DB7710B399}.Debug|Any CPU.Build.0 = Debug|Any CPU
		{2E0BA23F-69B0-443F-A5A3-B3DB7710B399}.Release|Any CPU.ActiveCfg = Release|Any CPU
		{2E0BA23F-69B0-443F-A5A3-B3DB7710B399}.Release|Any CPU.Build.0 = Release|Any CPU
		{B98B1D96-284C-488E-8015-AEAE68D5B694}.Debug|Any CPU.ActiveCfg = Debug|Any CPU
		{B98B1D96-284C-488E-8015-AEAE68D5B694}.Debug|Any CPU.Build.0 = Debug|Any CPU
		{B98B1D96-284C-488E-8015-AEAE68D5B694}.Release|Any CPU.ActiveCfg = Release|Any CPU
		{B98B1D96-284C-488E-8015-AEAE68D5B694}.Release|Any CPU.Build.0 = Release|Any CPU
		{FC3DAEFA-FC39-4649-9A76-4FAB1CBB0202}.Debug|Any CPU.ActiveCfg = Debug|Any CPU
		{FC3DAEFA-FC39-4649-9A76-4FAB1CBB0202}.Debug|Any CPU.Build.0 = Debug|Any CPU
		{FC3DAEFA-FC39-4649-9A76-4FAB1CBB0202}.Release|Any CPU.ActiveCfg = Release|Any CPU
		{FC3DAEFA-FC39-4649-9A76-4FAB1CBB0202}.Release|Any CPU.Build.0 = Release|Any CPU
		{036FE54B-33C9-466C-8088-4540F205EF82}.Debug|Any CPU.ActiveCfg = Debug|Any CPU
		{036FE54B-33C9-466C-8088-4540F205EF82}.Debug|Any CPU.Build.0 = Debug|Any CPU
		{036FE54B-33C9-466C-8088-4540F205EF82}.Release|Any CPU.ActiveCfg = Release|Any CPU
		{036FE54B-33C9-466C-8088-4540F205EF82}.Release|Any CPU.Build.0 = Release|Any CPU
		{7C5BDA24-DFF3-4807-BF01-4890B4BBDCC0}.Debug|Any CPU.ActiveCfg = Debug|Any CPU
		{7C5BDA24-DFF3-4807-BF01-4890B4BBDCC0}.Debug|Any CPU.Build.0 = Debug|Any CPU
		{7C5BDA24-DFF3-4807-BF01-4890B4BBDCC0}.Release|Any CPU.ActiveCfg = Release|Any CPU
		{7C5BDA24-DFF3-4807-BF01-4890B4BBDCC0}.Release|Any CPU.Build.0 = Release|Any CPU
		{DD914906-5344-4EF2-A744-9C55945DCF87}.Debug|Any CPU.ActiveCfg = Debug|Any CPU
		{DD914906-5344-4EF2-A744-9C55945DCF87}.Debug|Any CPU.Build.0 = Debug|Any CPU
		{DD914906-5344-4EF2-A744-9C55945DCF87}.Release|Any CPU.ActiveCfg = Release|Any CPU
		{DD914906-5344-4EF2-A744-9C55945DCF87}.Release|Any CPU.Build.0 = Release|Any CPU
		{F1B94619-9D1A-46DC-BE22-E110C8F82525}.Debug|Any CPU.ActiveCfg = Debug|Any CPU
		{F1B94619-9D1A-46DC-BE22-E110C8F82525}.Debug|Any CPU.Build.0 = Debug|Any CPU
		{F1B94619-9D1A-46DC-BE22-E110C8F82525}.Release|Any CPU.ActiveCfg = Release|Any CPU
		{F1B94619-9D1A-46DC-BE22-E110C8F82525}.Release|Any CPU.Build.0 = Release|Any CPU
		{F895D87C-72CC-4400-9490-76449B126294}.Debug|Any CPU.ActiveCfg = Debug|Any CPU
		{F895D87C-72CC-4400-9490-76449B126294}.Debug|Any CPU.Build.0 = Debug|Any CPU
		{F895D87C-72CC-4400-9490-76449B126294}.Release|Any CPU.ActiveCfg = Release|Any CPU
		{F895D87C-72CC-4400-9490-76449B126294}.Release|Any CPU.Build.0 = Release|Any CPU
		{FD657323-6443-415A-85DF-F2E94BD1C785}.Debug|Any CPU.ActiveCfg = Debug|Any CPU
		{FD657323-6443-415A-85DF-F2E94BD1C785}.Debug|Any CPU.Build.0 = Debug|Any CPU
		{FD657323-6443-415A-85DF-F2E94BD1C785}.Release|Any CPU.ActiveCfg = Release|Any CPU
		{FD657323-6443-415A-85DF-F2E94BD1C785}.Release|Any CPU.Build.0 = Release|Any CPU
		{A7CB454C-FA7E-417D-924C-4F43A4D336AD}.Debug|Any CPU.ActiveCfg = Debug|Any CPU
		{A7CB454C-FA7E-417D-924C-4F43A4D336AD}.Debug|Any CPU.Build.0 = Debug|Any CPU
		{A7CB454C-FA7E-417D-924C-4F43A4D336AD}.Release|Any CPU.ActiveCfg = Release|Any CPU
		{A7CB454C-FA7E-417D-924C-4F43A4D336AD}.Release|Any CPU.Build.0 = Release|Any CPU
		{DF651542-8FA5-4EBE-A382-997A62953A40}.Debug|Any CPU.ActiveCfg = Debug|Any CPU
		{DF651542-8FA5-4EBE-A382-997A62953A40}.Debug|Any CPU.Build.0 = Debug|Any CPU
		{DF651542-8FA5-4EBE-A382-997A62953A40}.Release|Any CPU.ActiveCfg = Release|Any CPU
		{DF651542-8FA5-4EBE-A382-997A62953A40}.Release|Any CPU.Build.0 = Release|Any CPU
		{2EF69F1B-D843-47AE-9B83-F1BACEC98EFC}.Debug|Any CPU.ActiveCfg = Debug|Any CPU
		{2EF69F1B-D843-47AE-9B83-F1BACEC98EFC}.Debug|Any CPU.Build.0 = Debug|Any CPU
		{2EF69F1B-D843-47AE-9B83-F1BACEC98EFC}.Release|Any CPU.ActiveCfg = Release|Any CPU
		{2EF69F1B-D843-47AE-9B83-F1BACEC98EFC}.Release|Any CPU.Build.0 = Release|Any CPU
		{72D92811-E41F-43C1-8272-0F12ADCE4A25}.Debug|Any CPU.ActiveCfg = Debug|Any CPU
		{72D92811-E41F-43C1-8272-0F12ADCE4A25}.Debug|Any CPU.Build.0 = Debug|Any CPU
		{72D92811-E41F-43C1-8272-0F12ADCE4A25}.Release|Any CPU.ActiveCfg = Release|Any CPU
		{72D92811-E41F-43C1-8272-0F12ADCE4A25}.Release|Any CPU.Build.0 = Release|Any CPU
		{75AF9C8C-C70F-4EB3-9509-C7F882F7F965}.Debug|Any CPU.ActiveCfg = Debug|Any CPU
		{75AF9C8C-C70F-4EB3-9509-C7F882F7F965}.Debug|Any CPU.Build.0 = Debug|Any CPU
		{75AF9C8C-C70F-4EB3-9509-C7F882F7F965}.Release|Any CPU.ActiveCfg = Release|Any CPU
		{75AF9C8C-C70F-4EB3-9509-C7F882F7F965}.Release|Any CPU.Build.0 = Release|Any CPU
		{DF6E550A-DDBE-4781-93C8-4EFFD918B37D}.Debug|Any CPU.ActiveCfg = Debug|Any CPU
		{DF6E550A-DDBE-4781-93C8-4EFFD918B37D}.Debug|Any CPU.Build.0 = Debug|Any CPU
		{DF6E550A-DDBE-4781-93C8-4EFFD918B37D}.Release|Any CPU.ActiveCfg = Release|Any CPU
		{DF6E550A-DDBE-4781-93C8-4EFFD918B37D}.Release|Any CPU.Build.0 = Release|Any CPU
		{D3C969C0-C770-4CD8-B468-D4E2A284B101}.Debug|Any CPU.ActiveCfg = Debug|Any CPU
		{D3C969C0-C770-4CD8-B468-D4E2A284B101}.Debug|Any CPU.Build.0 = Debug|Any CPU
		{D3C969C0-C770-4CD8-B468-D4E2A284B101}.Release|Any CPU.ActiveCfg = Release|Any CPU
		{D3C969C0-C770-4CD8-B468-D4E2A284B101}.Release|Any CPU.Build.0 = Release|Any CPU
		{59661A4B-1FB1-4095-BBE5-77D2F878A441}.Debug|Any CPU.ActiveCfg = Debug|Any CPU
		{59661A4B-1FB1-4095-BBE5-77D2F878A441}.Debug|Any CPU.Build.0 = Debug|Any CPU
		{59661A4B-1FB1-4095-BBE5-77D2F878A441}.Release|Any CPU.ActiveCfg = Release|Any CPU
		{59661A4B-1FB1-4095-BBE5-77D2F878A441}.Release|Any CPU.Build.0 = Release|Any CPU
		{B283BE9E-A448-4A4D-BB7A-C55784F8DAB5}.Debug|Any CPU.ActiveCfg = Debug|Any CPU
		{B283BE9E-A448-4A4D-BB7A-C55784F8DAB5}.Debug|Any CPU.Build.0 = Debug|Any CPU
		{B283BE9E-A448-4A4D-BB7A-C55784F8DAB5}.Release|Any CPU.ActiveCfg = Release|Any CPU
		{B283BE9E-A448-4A4D-BB7A-C55784F8DAB5}.Release|Any CPU.Build.0 = Release|Any CPU
	EndGlobalSection
	GlobalSection(SolutionProperties) = preSolution
		HideSolutionNode = FALSE
	EndGlobalSection
	GlobalSection(NestedProjects) = preSolution
		{ABAF43CC-1FB6-4831-B94B-918A93386FA5} = {1F74D18D-B46F-4D7D-A05D-1D06BE95B192}
		{A95AA4B3-D196-48A0-82F1-5F42CDC067B0} = {1F74D18D-B46F-4D7D-A05D-1D06BE95B192}
		{EC379147-874F-47CF-ACB7-32DB2710B4B5} = {1F74D18D-B46F-4D7D-A05D-1D06BE95B192}
		{330EF338-ED9F-4B68-8F56-2FF2A9226A78} = {1F74D18D-B46F-4D7D-A05D-1D06BE95B192}
		{6A55B17B-FA29-46D0-87F5-96AF3D970AD7} = {1F74D18D-B46F-4D7D-A05D-1D06BE95B192}
		{D7EEF707-13D1-45BA-8A6A-5C5865667A14} = {ABAF43CC-1FB6-4831-B94B-918A93386FA5}
		{B77091EE-6CF4-428E-A70B-4D6BD38B61DD} = {ABAF43CC-1FB6-4831-B94B-918A93386FA5}
		{DF92C723-DD3A-4795-9F39-170C34190869} = {A95AA4B3-D196-48A0-82F1-5F42CDC067B0}
		{DD903512-8EDC-4FFC-A225-22479359D626} = {EC379147-874F-47CF-ACB7-32DB2710B4B5}
		{9B7C406E-B120-4EDC-B347-A07FC7B8AB7C} = {EC379147-874F-47CF-ACB7-32DB2710B4B5}
		{EEDFBCC6-3EF8-422F-A48D-EFB173DA65AB} = {EC379147-874F-47CF-ACB7-32DB2710B4B5}
		{CDD7F2D0-12BA-4E0D-85EC-C735607E6E1C} = {EC379147-874F-47CF-ACB7-32DB2710B4B5}
		{43FAFB81-D9AF-4DC6-9D79-1267FFEC9DC4} = {EC379147-874F-47CF-ACB7-32DB2710B4B5}
		{48F8F2FE-B0A3-443A-8708-14E9BD29E601} = {EC379147-874F-47CF-ACB7-32DB2710B4B5}
		{870621D0-AAB3-4DCB-8348-0D602D6E1580} = {EC379147-874F-47CF-ACB7-32DB2710B4B5}
		{059302FB-38ED-45E1-8182-4ED133F04163} = {EC379147-874F-47CF-ACB7-32DB2710B4B5}
		{06D9D05A-25DF-468E-9AEF-C4E905BD5D93} = {EC379147-874F-47CF-ACB7-32DB2710B4B5}
		{067437E4-9DD8-499A-88BD-7467A1B21133} = {EC379147-874F-47CF-ACB7-32DB2710B4B5}
		{60B98879-E35F-4BB2-BF56-16DC9A50C994} = {EC379147-874F-47CF-ACB7-32DB2710B4B5}
		{D1DD1559-0882-4505-98AD-200462D1FF27} = {EC379147-874F-47CF-ACB7-32DB2710B4B5}
		{2E0BA23F-69B0-443F-A5A3-B3DB7710B399} = {EC379147-874F-47CF-ACB7-32DB2710B4B5}
		{B98B1D96-284C-488E-8015-AEAE68D5B694} = {EC379147-874F-47CF-ACB7-32DB2710B4B5}
		{FC3DAEFA-FC39-4649-9A76-4FAB1CBB0202} = {330EF338-ED9F-4B68-8F56-2FF2A9226A78}
		{036FE54B-33C9-466C-8088-4540F205EF82} = {6A55B17B-FA29-46D0-87F5-96AF3D970AD7}
		{7C5BDA24-DFF3-4807-BF01-4890B4BBDCC0} = {6A55B17B-FA29-46D0-87F5-96AF3D970AD7}
		{DD914906-5344-4EF2-A744-9C55945DCF87} = {EC379147-874F-47CF-ACB7-32DB2710B4B5}
		{F1B94619-9D1A-46DC-BE22-E110C8F82525} = {EC379147-874F-47CF-ACB7-32DB2710B4B5}
		{F895D87C-72CC-4400-9490-76449B126294} = {6A55B17B-FA29-46D0-87F5-96AF3D970AD7}
		{FD657323-6443-415A-85DF-F2E94BD1C785} = {6A55B17B-FA29-46D0-87F5-96AF3D970AD7}
		{A7CB454C-FA7E-417D-924C-4F43A4D336AD} = {6A55B17B-FA29-46D0-87F5-96AF3D970AD7}
		{DF651542-8FA5-4EBE-A382-997A62953A40} = {6A55B17B-FA29-46D0-87F5-96AF3D970AD7}
		{2EF69F1B-D843-47AE-9B83-F1BACEC98EFC} = {EC379147-874F-47CF-ACB7-32DB2710B4B5}
		{72D92811-E41F-43C1-8272-0F12ADCE4A25} = {EC379147-874F-47CF-ACB7-32DB2710B4B5}
		{75AF9C8C-C70F-4EB3-9509-C7F882F7F965} = {6A55B17B-FA29-46D0-87F5-96AF3D970AD7}
		{DF6E550A-DDBE-4781-93C8-4EFFD918B37D} = {EC379147-874F-47CF-ACB7-32DB2710B4B5}
		{D3C969C0-C770-4CD8-B468-D4E2A284B101} = {20326902-EC6E-41A2-A13E-DC1333CAC143}
		{59661A4B-1FB1-4095-BBE5-77D2F878A441} = {20326902-EC6E-41A2-A13E-DC1333CAC143}
		{B283BE9E-A448-4A4D-BB7A-C55784F8DAB5} = {20326902-EC6E-41A2-A13E-DC1333CAC143}
		{F851D62C-26A2-4527-8983-DC83CA9AE4B5} = {1AD44577-09E6-4150-A2C6-D03E22386A11}
		{3C37066E-F44D-4DF0-9DCB-92FBF2F21160} = {1AD44577-09E6-4150-A2C6-D03E22386A11}
		{1A7B29A7-C97C-43FE-898F-751EB26806E1} = {1AD44577-09E6-4150-A2C6-D03E22386A11}
		{9116A4F6-DE3E-45AF-829D-14E11AA99C15} = {1A7B29A7-C97C-43FE-898F-751EB26806E1}
		{8F9D7466-5315-4956-9BC6-158A1DE4F6DF} = {1A7B29A7-C97C-43FE-898F-751EB26806E1}
		{77365D96-FBFD-42D5-BFC5-C88D619E2537} = {1A7B29A7-C97C-43FE-898F-751EB26806E1}
		{8CC5C1AB-2432-4D97-ADB5-C2A919441535} = {1A7B29A7-C97C-43FE-898F-751EB26806E1}
	EndGlobalSection
	GlobalSection(ExtensibilityGlobals) = postSolution
		SolutionGuid = {FCA5DE10-436B-4EFA-9FC4-BF9478249108}
	EndGlobalSection
EndGlobal
